// !$*UTF8*$!
{
	archiveVersion = 1;
	classes = {
	};
	objectVersion = 50;
	objects = {

/* Begin PBXBuildFile section */
		013F75FD275F806F00C020A6 /* AppDelegate.swift in Sources */ = {isa = PBXBuildFile; fileRef = 013F75FC275F806F00C020A6 /* AppDelegate.swift */; };
		013F75FF275F806F00C020A6 /* SceneDelegate.swift in Sources */ = {isa = PBXBuildFile; fileRef = 013F75FE275F806F00C020A6 /* SceneDelegate.swift */; };
		013F7606275F807100C020A6 /* Assets.xcassets in Resources */ = {isa = PBXBuildFile; fileRef = 013F7605275F807100C020A6 /* Assets.xcassets */; };
		013F7609275F807100C020A6 /* LaunchScreen.storyboard in Resources */ = {isa = PBXBuildFile; fileRef = 013F7607275F807100C020A6 /* LaunchScreen.storyboard */; };
		013F7612275F895A00C020A6 /* PhotoMainViewController.swift in Sources */ = {isa = PBXBuildFile; fileRef = 013F7611275F895A00C020A6 /* PhotoMainViewController.swift */; };
		013F7615275F8A8000C020A6 /* PhotoMainCollectionViewCell.swift in Sources */ = {isa = PBXBuildFile; fileRef = 013F7614275F8A8000C020A6 /* PhotoMainCollectionViewCell.swift */; };
		013F7618275FA76300C020A6 /* PhotoZoomViewController.swift in Sources */ = {isa = PBXBuildFile; fileRef = 013F7617275FA76300C020A6 /* PhotoZoomViewController.swift */; };
		013F761E2761E4B100C020A6 /* Empty.xib in Resources */ = {isa = PBXBuildFile; fileRef = 013F761D2761E4B100C020A6 /* Empty.xib */; };
		013F76202761E4FD00C020A6 /* PhotoDetailViewController.swift in Sources */ = {isa = PBXBuildFile; fileRef = 013F761F2761E4FD00C020A6 /* PhotoDetailViewController.swift */; };
		01554A992762F123006D83EF /* ManagePageViewController.swift in Sources */ = {isa = PBXBuildFile; fileRef = 01554A982762F123006D83EF /* ManagePageViewController.swift */; };
/* End PBXBuildFile section */

/* Begin PBXFileReference section */
		013F75F9275F806F00C020A6 /* 09_PhotoScroll.app */ = {isa = PBXFileReference; explicitFileType = wrapper.application; includeInIndex = 0; path = 09_PhotoScroll.app; sourceTree = BUILT_PRODUCTS_DIR; };
		013F75FC275F806F00C020A6 /* AppDelegate.swift */ = {isa = PBXFileReference; lastKnownFileType = sourcecode.swift; path = AppDelegate.swift; sourceTree = "<group>"; };
		013F75FE275F806F00C020A6 /* SceneDelegate.swift */ = {isa = PBXFileReference; lastKnownFileType = sourcecode.swift; path = SceneDelegate.swift; sourceTree = "<group>"; };
		013F7605275F807100C020A6 /* Assets.xcassets */ = {isa = PBXFileReference; lastKnownFileType = folder.assetcatalog; path = Assets.xcassets; sourceTree = "<group>"; };
		013F7608275F807100C020A6 /* Base */ = {isa = PBXFileReference; lastKnownFileType = file.storyboard; name = Base; path = Base.lproj/LaunchScreen.storyboard; sourceTree = "<group>"; };
		013F760A275F807100C020A6 /* Info.plist */ = {isa = PBXFileReference; lastKnownFileType = text.plist.xml; path = Info.plist; sourceTree = "<group>"; };
		013F7611275F895A00C020A6 /* PhotoMainViewController.swift */ = {isa = PBXFileReference; lastKnownFileType = sourcecode.swift; path = PhotoMainViewController.swift; sourceTree = "<group>"; };
		013F7614275F8A8000C020A6 /* PhotoMainCollectionViewCell.swift */ = {isa = PBXFileReference; lastKnownFileType = sourcecode.swift; path = PhotoMainCollectionViewCell.swift; sourceTree = "<group>"; };
		013F7617275FA76300C020A6 /* PhotoZoomViewController.swift */ = {isa = PBXFileReference; lastKnownFileType = sourcecode.swift; path = PhotoZoomViewController.swift; sourceTree = "<group>"; };
		013F761D2761E4B100C020A6 /* Empty.xib */ = {isa = PBXFileReference; lastKnownFileType = file.xib; path = Empty.xib; sourceTree = "<group>"; };
		013F761F2761E4FD00C020A6 /* PhotoDetailViewController.swift */ = {isa = PBXFileReference; lastKnownFileType = sourcecode.swift; path = PhotoDetailViewController.swift; sourceTree = "<group>"; };
		01554A982762F123006D83EF /* ManagePageViewController.swift */ = {isa = PBXFileReference; lastKnownFileType = sourcecode.swift; path = ManagePageViewController.swift; sourceTree = "<group>"; };
/* End PBXFileReference section */

/* Begin PBXFrameworksBuildPhase section */
		013F75F6275F806F00C020A6 /* Frameworks */ = {
			isa = PBXFrameworksBuildPhase;
			buildActionMask = 2147483647;
			files = (
			);
			runOnlyForDeploymentPostprocessing = 0;
		};
/* End PBXFrameworksBuildPhase section */

/* Begin PBXGroup section */
		013F75F0275F806F00C020A6 = {
			isa = PBXGroup;
			children = (
				013F75FB275F806F00C020A6 /* 09_PhotoScroll */,
				013F75FA275F806F00C020A6 /* Products */,
			);
			sourceTree = "<group>";
		};
		013F75FA275F806F00C020A6 /* Products */ = {
			isa = PBXGroup;
			children = (
				013F75F9275F806F00C020A6 /* 09_PhotoScroll.app */,
			);
			name = Products;
			sourceTree = "<group>";
		};
		013F75FB275F806F00C020A6 /* 09_PhotoScroll */ = {
			isa = PBXGroup;
			children = (
				013F7610275F808900C020A6 /* Supporting Files */,
				013F760A275F807100C020A6 /* Info.plist */,
				013F7616275F8A8300C020A6 /* View */,
				013F7613275F8A6500C020A6 /* ViewController */,
			);
			path = 09_PhotoScroll;
			sourceTree = "<group>";
		};
		013F7610275F808900C020A6 /* Supporting Files */ = {
			isa = PBXGroup;
			children = (
				013F75FC275F806F00C020A6 /* AppDelegate.swift */,
				013F75FE275F806F00C020A6 /* SceneDelegate.swift */,
				013F7605275F807100C020A6 /* Assets.xcassets */,
				013F7607275F807100C020A6 /* LaunchScreen.storyboard */,
			);
			path = "Supporting Files";
			sourceTree = "<group>";
		};
		013F7613275F8A6500C020A6 /* ViewController */ = {
			isa = PBXGroup;
			children = (
				013F7611275F895A00C020A6 /* PhotoMainViewController.swift */,
				01554A982762F123006D83EF /* ManagePageViewController.swift */,
				013F761F2761E4FD00C020A6 /* PhotoDetailViewController.swift */,
				013F7617275FA76300C020A6 /* PhotoZoomViewController.swift */,
				013F761D2761E4B100C020A6 /* Empty.xib */,
			);
			path = ViewController;
			sourceTree = "<group>";
		};
		013F7616275F8A8300C020A6 /* View */ = {
			isa = PBXGroup;
			children = (
				013F7614275F8A8000C020A6 /* PhotoMainCollectionViewCell.swift */,
			);
			path = View;
			sourceTree = "<group>";
		};
/* End PBXGroup section */

/* Begin PBXNativeTarget section */
		013F75F8275F806F00C020A6 /* 09_PhotoScroll */ = {
			isa = PBXNativeTarget;
			buildConfigurationList = 013F760D275F807100C020A6 /* Build configuration list for PBXNativeTarget "09_PhotoScroll" */;
			buildPhases = (
				013F75F5275F806F00C020A6 /* Sources */,
				013F75F6275F806F00C020A6 /* Frameworks */,
				013F75F7275F806F00C020A6 /* Resources */,
			);
			buildRules = (
			);
			dependencies = (
			);
			name = 09_PhotoScroll;
			productName = 09_PhotoScroll;
			productReference = 013F75F9275F806F00C020A6 /* 09_PhotoScroll.app */;
			productType = "com.apple.product-type.application";
		};
/* End PBXNativeTarget section */

/* Begin PBXProject section */
		013F75F1275F806F00C020A6 /* Project object */ = {
			isa = PBXProject;
			attributes = {
				LastSwiftUpdateCheck = 1250;
				LastUpgradeCheck = 1250;
				TargetAttributes = {
					013F75F8275F806F00C020A6 = {
						CreatedOnToolsVersion = 12.5.1;
					};
				};
			};
			buildConfigurationList = 013F75F4275F806F00C020A6 /* Build configuration list for PBXProject "09_PhotoScroll" */;
			compatibilityVersion = "Xcode 9.3";
			developmentRegion = en;
			hasScannedForEncodings = 0;
			knownRegions = (
				en,
				Base,
			);
			mainGroup = 013F75F0275F806F00C020A6;
			productRefGroup = 013F75FA275F806F00C020A6 /* Products */;
			projectDirPath = "";
			projectRoot = "";
			targets = (
				013F75F8275F806F00C020A6 /* 09_PhotoScroll */,
			);
		};
/* End PBXProject section */

/* Begin PBXResourcesBuildPhase section */
		013F75F7275F806F00C020A6 /* Resources */ = {
			isa = PBXResourcesBuildPhase;
			buildActionMask = 2147483647;
			files = (
				013F761E2761E4B100C020A6 /* Empty.xib in Resources */,
				013F7609275F807100C020A6 /* LaunchScreen.storyboard in Resources */,
				013F7606275F807100C020A6 /* Assets.xcassets in Resources */,
			);
			runOnlyForDeploymentPostprocessing = 0;
		};
/* End PBXResourcesBuildPhase section */

/* Begin PBXSourcesBuildPhase section */
		013F75F5275F806F00C020A6 /* Sources */ = {
			isa = PBXSourcesBuildPhase;
			buildActionMask = 2147483647;
			files = (
				013F76202761E4FD00C020A6 /* PhotoDetailViewController.swift in Sources */,
				013F7612275F895A00C020A6 /* PhotoMainViewController.swift in Sources */,
				013F75FD275F806F00C020A6 /* AppDelegate.swift in Sources */,
				013F7615275F8A8000C020A6 /* PhotoMainCollectionViewCell.swift in Sources */,
				01554A992762F123006D83EF /* ManagePageViewController.swift in Sources */,
				013F7618275FA76300C020A6 /* PhotoZoomViewController.swift in Sources */,
				013F75FF275F806F00C020A6 /* SceneDelegate.swift in Sources */,
			);
			runOnlyForDeploymentPostprocessing = 0;
		};
/* End PBXSourcesBuildPhase section */

/* Begin PBXVariantGroup section */
		013F7607275F807100C020A6 /* LaunchScreen.storyboard */ = {
			isa = PBXVariantGroup;
			children = (
				013F7608275F807100C020A6 /* Base */,
			);
			name = LaunchScreen.storyboard;
			sourceTree = "<group>";
		};
/* End PBXVariantGroup section */

/* Begin XCBuildConfiguration section */
		013F760B275F807100C020A6 /* Debug */ = {
			isa = XCBuildConfiguration;
			buildSettings = {
				ALWAYS_SEARCH_USER_PATHS = NO;
				CLANG_ANALYZER_NONNULL = YES;
				CLANG_ANALYZER_NUMBER_OBJECT_CONVERSION = YES_AGGRESSIVE;
				CLANG_CXX_LANGUAGE_STANDARD = "gnu++14";
				CLANG_CXX_LIBRARY = "libc++";
				CLANG_ENABLE_MODULES = YES;
				CLANG_ENABLE_OBJC_ARC = YES;
				CLANG_ENABLE_OBJC_WEAK = YES;
				CLANG_WARN_BLOCK_CAPTURE_AUTORELEASING = YES;
				CLANG_WARN_BOOL_CONVERSION = YES;
				CLANG_WARN_COMMA = YES;
				CLANG_WARN_CONSTANT_CONVERSION = YES;
				CLANG_WARN_DEPRECATED_OBJC_IMPLEMENTATIONS = YES;
				CLANG_WARN_DIRECT_OBJC_ISA_USAGE = YES_ERROR;
				CLANG_WARN_DOCUMENTATION_COMMENTS = YES;
				CLANG_WARN_EMPTY_BODY = YES;
				CLANG_WARN_ENUM_CONVERSION = YES;
				CLANG_WARN_INFINITE_RECURSION = YES;
				CLANG_WARN_INT_CONVERSION = YES;
				CLANG_WARN_NON_LITERAL_NULL_CONVERSION = YES;
				CLANG_WARN_OBJC_IMPLICIT_RETAIN_SELF = YES;
				CLANG_WARN_OBJC_LITERAL_CONVERSION = YES;
				CLANG_WARN_OBJC_ROOT_CLASS = YES_ERROR;
				CLANG_WARN_QUOTED_INCLUDE_IN_FRAMEWORK_HEADER = YES;
				CLANG_WARN_RANGE_LOOP_ANALYSIS = YES;
				CLANG_WARN_STRICT_PROTOTYPES = YES;
				CLANG_WARN_SUSPICIOUS_MOVE = YES;
				CLANG_WARN_UNGUARDED_AVAILABILITY = YES_AGGRESSIVE;
				CLANG_WARN_UNREACHABLE_CODE = YES;
				CLANG_WARN__DUPLICATE_METHOD_MATCH = YES;
				COPY_PHASE_STRIP = NO;
				DEBUG_INFORMATION_FORMAT = dwarf;
				ENABLE_STRICT_OBJC_MSGSEND = YES;
				ENABLE_TESTABILITY = YES;
				GCC_C_LANGUAGE_STANDARD = gnu11;
				GCC_DYNAMIC_NO_PIC = NO;
				GCC_NO_COMMON_BLOCKS = YES;
				GCC_OPTIMIZATION_LEVEL = 0;
				GCC_PREPROCESSOR_DEFINITIONS = (
					"DEBUG=1",
					"$(inherited)",
				);
				GCC_WARN_64_TO_32_BIT_CONVERSION = YES;
				GCC_WARN_ABOUT_RETURN_TYPE = YES_ERROR;
				GCC_WARN_UNDECLARED_SELECTOR = YES;
				GCC_WARN_UNINITIALIZED_AUTOS = YES_AGGRESSIVE;
				GCC_WARN_UNUSED_FUNCTION = YES;
				GCC_WARN_UNUSED_VARIABLE = YES;
				IPHONEOS_DEPLOYMENT_TARGET = 14.5;
				MTL_ENABLE_DEBUG_INFO = INCLUDE_SOURCE;
				MTL_FAST_MATH = YES;
				ONLY_ACTIVE_ARCH = YES;
				SDKROOT = iphoneos;
				SWIFT_ACTIVE_COMPILATION_CONDITIONS = DEBUG;
				SWIFT_OPTIMIZATION_LEVEL = "-Onone";
			};
			name = Debug;
		};
		013F760C275F807100C020A6 /* Release */ = {
			isa = XCBuildConfiguration;
			buildSettings = {
				ALWAYS_SEARCH_USER_PATHS = NO;
				CLANG_ANALYZER_NONNULL = YES;
				CLANG_ANALYZER_NUMBER_OBJECT_CONVERSION = YES_AGGRESSIVE;
				CLANG_CXX_LANGUAGE_STANDARD = "gnu++14";
				CLANG_CXX_LIBRARY = "libc++";
				CLANG_ENABLE_MODULES = YES;
				CLANG_ENABLE_OBJC_ARC = YES;
				CLANG_ENABLE_OBJC_WEAK = YES;
				CLANG_WARN_BLOCK_CAPTURE_AUTORELEASING = YES;
				CLANG_WARN_BOOL_CONVERSION = YES;
				CLANG_WARN_COMMA = YES;
				CLANG_WARN_CONSTANT_CONVERSION = YES;
				CLANG_WARN_DEPRECATED_OBJC_IMPLEMENTATIONS = YES;
				CLANG_WARN_DIRECT_OBJC_ISA_USAGE = YES_ERROR;
				CLANG_WARN_DOCUMENTATION_COMMENTS = YES;
				CLANG_WARN_EMPTY_BODY = YES;
				CLANG_WARN_ENUM_CONVERSION = YES;
				CLANG_WARN_INFINITE_RECURSION = YES;
				CLANG_WARN_INT_CONVERSION = YES;
				CLANG_WARN_NON_LITERAL_NULL_CONVERSION = YES;
				CLANG_WARN_OBJC_IMPLICIT_RETAIN_SELF = YES;
				CLANG_WARN_OBJC_LITERAL_CONVERSION = YES;
				CLANG_WARN_OBJC_ROOT_CLASS = YES_ERROR;
				CLANG_WARN_QUOTED_INCLUDE_IN_FRAMEWORK_HEADER = YES;
				CLANG_WARN_RANGE_LOOP_ANALYSIS = YES;
				CLANG_WARN_STRICT_PROTOTYPES = YES;
				CLANG_WARN_SUSPICIOUS_MOVE = YES;
				CLANG_WARN_UNGUARDED_AVAILABILITY = YES_AGGRESSIVE;
				CLANG_WARN_UNREACHABLE_CODE = YES;
				CLANG_WARN__DUPLICATE_METHOD_MATCH = YES;
				COPY_PHASE_STRIP = NO;
				DEBUG_INFORMATION_FORMAT = "dwarf-with-dsym";
				ENABLE_NS_ASSERTIONS = NO;
				ENABLE_STRICT_OBJC_MSGSEND = YES;
				GCC_C_LANGUAGE_STANDARD = gnu11;
				GCC_NO_COMMON_BLOCKS = YES;
				GCC_WARN_64_TO_32_BIT_CONVERSION = YES;
				GCC_WARN_ABOUT_RETURN_TYPE = YES_ERROR;
				GCC_WARN_UNDECLARED_SELECTOR = YES;
				GCC_WARN_UNINITIALIZED_AUTOS = YES_AGGRESSIVE;
				GCC_WARN_UNUSED_FUNCTION = YES;
				GCC_WARN_UNUSED_VARIABLE = YES;
				IPHONEOS_DEPLOYMENT_TARGET = 14.5;
				MTL_ENABLE_DEBUG_INFO = NO;
				MTL_FAST_MATH = YES;
				SDKROOT = iphoneos;
				SWIFT_COMPILATION_MODE = wholemodule;
				SWIFT_OPTIMIZATION_LEVEL = "-O";
				VALIDATE_PRODUCT = YES;
			};
			name = Release;
		};
		013F760E275F807100C020A6 /* Debug */ = {
			isa = XCBuildConfiguration;
			buildSettings = {
				ASSETCATALOG_COMPILER_APPICON_NAME = AppIcon;
				ASSETCATALOG_COMPILER_GLOBAL_ACCENT_COLOR_NAME = AccentColor;
				CODE_SIGN_STYLE = Automatic;
				DEVELOPMENT_TEAM = WB3J5J4ZWS;
				INFOPLIST_FILE = 09_PhotoScroll/Info.plist;
				LD_RUNPATH_SEARCH_PATHS = (
					"$(inherited)",
					"@executable_path/Frameworks",
				);
				PRODUCT_BUNDLE_IDENTIFIER = "com.rae.-9-PhotoScroll";
				PRODUCT_NAME = "$(TARGET_NAME)";
				SWIFT_VERSION = 5.0;
				TARGETED_DEVICE_FAMILY = 1;
			};
			name = Debug;
		};
		013F760F275F807100C020A6 /* Release */ = {
			isa = XCBuildConfiguration;
			buildSettings = {
				ASSETCATALOG_COMPILER_APPICON_NAME = AppIcon;
				ASSETCATALOG_COMPILER_GLOBAL_ACCENT_COLOR_NAME = AccentColor;
				CODE_SIGN_STYLE = Automatic;
				DEVELOPMENT_TEAM = WB3J5J4ZWS;
				INFOPLIST_FILE = 09_PhotoScroll/Info.plist;
				LD_RUNPATH_SEARCH_PATHS = (
					"$(inherited)",
					"@executable_path/Frameworks",
				);
				PRODUCT_BUNDLE_IDENTIFIER = "com.rae.-9-PhotoScroll";
				PRODUCT_NAME = "$(TARGET_NAME)";
				SWIFT_VERSION = 5.0;
				TARGETED_DEVICE_FAMILY = 1;
			};
			name = Release;
		};
/* End XCBuildConfiguration section */

/* Begin XCConfigurationList section */
		013F75F4275F806F00C020A6 /* Build configuration list for PBXProject "09_PhotoScroll" */ = {
			isa = XCConfigurationList;
			buildConfigurations = (
				013F760B275F807100C020A6 /* Debug */,
				013F760C275F807100C020A6 /* Release */,
			);
			defaultConfigurationIsVisible = 0;
			defaultConfigurationName = Release;
		};
		013F760D275F807100C020A6 /* Build configuration list for PBXNativeTarget "09_PhotoScroll" */ = {
			isa = XCConfigurationList;
			buildConfigurations = (
				013F760E275F807100C020A6 /* Debug */,
				013F760F275F807100C020A6 /* Release */,
			);
			defaultConfigurationIsVisible = 0;
			defaultConfigurationName = Release;
		};
/* End XCConfigurationList section */
	};
	rootObject = 013F75F1275F806F00C020A6 /* Project object */;
}
