// !$*UTF8*$!
{
	archiveVersion = 1;
	classes = {
	};
	objectVersion = 50;
	objects = {

/* Begin PBXBuildFile section */
		01A5D6CC2743A2AF00A90DE3 /* AppDelegate.swift in Sources */ = {isa = PBXBuildFile; fileRef = 01A5D6CB2743A2AF00A90DE3 /* AppDelegate.swift */; };
		01A5D6CE2743A2AF00A90DE3 /* SceneDelegate.swift in Sources */ = {isa = PBXBuildFile; fileRef = 01A5D6CD2743A2AF00A90DE3 /* SceneDelegate.swift */; };
		01A5D6D52743A2B100A90DE3 /* Assets.xcassets in Resources */ = {isa = PBXBuildFile; fileRef = 01A5D6D42743A2B100A90DE3 /* Assets.xcassets */; };
		01A5D6E12743A40600A90DE3 /* ProductsViewController.swift in Sources */ = {isa = PBXBuildFile; fileRef = 01A5D6E02743A40600A90DE3 /* ProductsViewController.swift */; };
		01A5D6E32743A40C00A90DE3 /* UsViewController.swift in Sources */ = {isa = PBXBuildFile; fileRef = 01A5D6E22743A40C00A90DE3 /* UsViewController.swift */; };
		01A5D6E52743A5A400A90DE3 /* LaunchScreen.storyboard in Resources */ = {isa = PBXBuildFile; fileRef = 01A5D6E42743A5A400A90DE3 /* LaunchScreen.storyboard */; };
		01A5D6E72743A67B00A90DE3 /* Products.swift in Sources */ = {isa = PBXBuildFile; fileRef = 01A5D6E62743A67B00A90DE3 /* Products.swift */; };
		01A5D6E92743A75700A90DE3 /* ProductsTableViewDataSource.swift in Sources */ = {isa = PBXBuildFile; fileRef = 01A5D6E82743A75700A90DE3 /* ProductsTableViewDataSource.swift */; };
		01A5D6EB2743A8A400A90DE3 /* ProductsTableViewCell.swift in Sources */ = {isa = PBXBuildFile; fileRef = 01A5D6EA2743A8A400A90DE3 /* ProductsTableViewCell.swift */; };
		01A5D6F32743E12000A90DE3 /* ProductsFullScreenViewController.swift in Sources */ = {isa = PBXBuildFile; fileRef = 01A5D6F22743E12000A90DE3 /* ProductsFullScreenViewController.swift */; };
/* End PBXBuildFile section */

/* Begin PBXFileReference section */
		01A5D6C82743A2AF00A90DE3 /* 01_GoodAsOldPhones.app */ = {isa = PBXFileReference; explicitFileType = wrapper.application; includeInIndex = 0; path = 01_GoodAsOldPhones.app; sourceTree = BUILT_PRODUCTS_DIR; };
		01A5D6CB2743A2AF00A90DE3 /* AppDelegate.swift */ = {isa = PBXFileReference; lastKnownFileType = sourcecode.swift; path = AppDelegate.swift; sourceTree = "<group>"; };
		01A5D6CD2743A2AF00A90DE3 /* SceneDelegate.swift */ = {isa = PBXFileReference; lastKnownFileType = sourcecode.swift; path = SceneDelegate.swift; sourceTree = "<group>"; };
		01A5D6D42743A2B100A90DE3 /* Assets.xcassets */ = {isa = PBXFileReference; lastKnownFileType = folder.assetcatalog; path = Assets.xcassets; sourceTree = "<group>"; };
		01A5D6D92743A2B100A90DE3 /* Info.plist */ = {isa = PBXFileReference; lastKnownFileType = text.plist.xml; path = Info.plist; sourceTree = "<group>"; };
		01A5D6E02743A40600A90DE3 /* ProductsViewController.swift */ = {isa = PBXFileReference; lastKnownFileType = sourcecode.swift; path = ProductsViewController.swift; sourceTree = "<group>"; };
		01A5D6E22743A40C00A90DE3 /* UsViewController.swift */ = {isa = PBXFileReference; lastKnownFileType = sourcecode.swift; path = UsViewController.swift; sourceTree = "<group>"; };
		01A5D6E42743A5A400A90DE3 /* LaunchScreen.storyboard */ = {isa = PBXFileReference; fileEncoding = 4; lastKnownFileType = file.storyboard; path = LaunchScreen.storyboard; sourceTree = "<group>"; };
		01A5D6E62743A67B00A90DE3 /* Products.swift */ = {isa = PBXFileReference; lastKnownFileType = sourcecode.swift; path = Products.swift; sourceTree = "<group>"; };
		01A5D6E82743A75700A90DE3 /* ProductsTableViewDataSource.swift */ = {isa = PBXFileReference; lastKnownFileType = sourcecode.swift; path = ProductsTableViewDataSource.swift; sourceTree = "<group>"; };
		01A5D6EA2743A8A400A90DE3 /* ProductsTableViewCell.swift */ = {isa = PBXFileReference; lastKnownFileType = sourcecode.swift; path = ProductsTableViewCell.swift; sourceTree = "<group>"; };
		01A5D6F22743E12000A90DE3 /* ProductsFullScreenViewController.swift */ = {isa = PBXFileReference; lastKnownFileType = sourcecode.swift; path = ProductsFullScreenViewController.swift; sourceTree = "<group>"; };
/* End PBXFileReference section */

/* Begin PBXFrameworksBuildPhase section */
		01A5D6C52743A2AF00A90DE3 /* Frameworks */ = {
			isa = PBXFrameworksBuildPhase;
			buildActionMask = 2147483647;
			files = (
			);
			runOnlyForDeploymentPostprocessing = 0;
		};
/* End PBXFrameworksBuildPhase section */

/* Begin PBXGroup section */
		01A5D6BF2743A2AF00A90DE3 = {
			isa = PBXGroup;
			children = (
				01A5D6CA2743A2AF00A90DE3 /* 01_GoodAsOldPhones */,
				01A5D6C92743A2AF00A90DE3 /* Products */,
			);
			sourceTree = "<group>";
		};
		01A5D6C92743A2AF00A90DE3 /* Products */ = {
			isa = PBXGroup;
			children = (
				01A5D6C82743A2AF00A90DE3 /* 01_GoodAsOldPhones.app */,
			);
			name = Products;
			sourceTree = "<group>";
		};
		01A5D6CA2743A2AF00A90DE3 /* 01_GoodAsOldPhones */ = {
			isa = PBXGroup;
			children = (
				01A5D6DF2743A2B800A90DE3 /* Supporting Files */,
				01A5D6D92743A2B100A90DE3 /* Info.plist */,
				01A5D6F02743DEFD00A90DE3 /* Model */,
				01A5D6F12743DF0200A90DE3 /* View */,
				01A5D6E02743A40600A90DE3 /* ProductsViewController.swift */,
				01A5D6E82743A75700A90DE3 /* ProductsTableViewDataSource.swift */,
				01A5D6F22743E12000A90DE3 /* ProductsFullScreenViewController.swift */,
				01A5D6E22743A40C00A90DE3 /* UsViewController.swift */,
			);
			path = 01_GoodAsOldPhones;
			sourceTree = "<group>";
		};
		01A5D6DF2743A2B800A90DE3 /* Supporting Files */ = {
			isa = PBXGroup;
			children = (
				01A5D6CB2743A2AF00A90DE3 /* AppDelegate.swift */,
				01A5D6CD2743A2AF00A90DE3 /* SceneDelegate.swift */,
				01A5D6D42743A2B100A90DE3 /* Assets.xcassets */,
				01A5D6E42743A5A400A90DE3 /* LaunchScreen.storyboard */,
			);
			path = "Supporting Files";
			sourceTree = "<group>";
		};
		01A5D6F02743DEFD00A90DE3 /* Model */ = {
			isa = PBXGroup;
			children = (
				01A5D6E62743A67B00A90DE3 /* Products.swift */,
			);
			path = Model;
			sourceTree = "<group>";
		};
		01A5D6F12743DF0200A90DE3 /* View */ = {
			isa = PBXGroup;
			children = (
				01A5D6EA2743A8A400A90DE3 /* ProductsTableViewCell.swift */,
			);
			path = View;
			sourceTree = "<group>";
		};
/* End PBXGroup section */

/* Begin PBXNativeTarget section */
		01A5D6C72743A2AF00A90DE3 /* 01_GoodAsOldPhones */ = {
			isa = PBXNativeTarget;
			buildConfigurationList = 01A5D6DC2743A2B100A90DE3 /* Build configuration list for PBXNativeTarget "01_GoodAsOldPhones" */;
			buildPhases = (
				01A5D6C42743A2AF00A90DE3 /* Sources */,
				01A5D6C52743A2AF00A90DE3 /* Frameworks */,
				01A5D6C62743A2AF00A90DE3 /* Resources */,
			);
			buildRules = (
			);
			dependencies = (
			);
			name = 01_GoodAsOldPhones;
			productName = 01_GoodAsOldPhones;
			productReference = 01A5D6C82743A2AF00A90DE3 /* 01_GoodAsOldPhones.app */;
			productType = "com.apple.product-type.application";
		};
/* End PBXNativeTarget section */

/* Begin PBXProject section */
		01A5D6C02743A2AF00A90DE3 /* Project object */ = {
			isa = PBXProject;
			attributes = {
				LastSwiftUpdateCheck = 1250;
				LastUpgradeCheck = 1250;
				TargetAttributes = {
					01A5D6C72743A2AF00A90DE3 = {
						CreatedOnToolsVersion = 12.5.1;
					};
				};
			};
			buildConfigurationList = 01A5D6C32743A2AF00A90DE3 /* Build configuration list for PBXProject "01_GoodAsOldPhones" */;
			compatibilityVersion = "Xcode 9.3";
			developmentRegion = en;
			hasScannedForEncodings = 0;
			knownRegions = (
				en,
				Base,
			);
			mainGroup = 01A5D6BF2743A2AF00A90DE3;
			productRefGroup = 01A5D6C92743A2AF00A90DE3 /* Products */;
			projectDirPath = "";
			projectRoot = "";
			targets = (
				01A5D6C72743A2AF00A90DE3 /* 01_GoodAsOldPhones */,
			);
		};
/* End PBXProject section */

/* Begin PBXResourcesBuildPhase section */
		01A5D6C62743A2AF00A90DE3 /* Resources */ = {
			isa = PBXResourcesBuildPhase;
			buildActionMask = 2147483647;
			files = (
				01A5D6D52743A2B100A90DE3 /* Assets.xcassets in Resources */,
				01A5D6E52743A5A400A90DE3 /* LaunchScreen.storyboard in Resources */,
			);
			runOnlyForDeploymentPostprocessing = 0;
		};
/* End PBXResourcesBuildPhase section */

/* Begin PBXSourcesBuildPhase section */
		01A5D6C42743A2AF00A90DE3 /* Sources */ = {
			isa = PBXSourcesBuildPhase;
			buildActionMask = 2147483647;
			files = (
				01A5D6E32743A40C00A90DE3 /* UsViewController.swift in Sources */,
				01A5D6E12743A40600A90DE3 /* ProductsViewController.swift in Sources */,
				01A5D6EB2743A8A400A90DE3 /* ProductsTableViewCell.swift in Sources */,
				01A5D6E92743A75700A90DE3 /* ProductsTableViewDataSource.swift in Sources */,
				01A5D6F32743E12000A90DE3 /* ProductsFullScreenViewController.swift in Sources */,
				01A5D6E72743A67B00A90DE3 /* Products.swift in Sources */,
				01A5D6CC2743A2AF00A90DE3 /* AppDelegate.swift in Sources */,
				01A5D6CE2743A2AF00A90DE3 /* SceneDelegate.swift in Sources */,
			);
			runOnlyForDeploymentPostprocessing = 0;
		};
/* End PBXSourcesBuildPhase section */

/* Begin XCBuildConfiguration section */
		01A5D6DA2743A2B100A90DE3 /* Debug */ = {
			isa = XCBuildConfiguration;
			buildSettings = {
				ALWAYS_SEARCH_USER_PATHS = NO;
				CLANG_ANALYZER_NONNULL = YES;
				CLANG_ANALYZER_NUMBER_OBJECT_CONVERSION = YES_AGGRESSIVE;
				CLANG_CXX_LANGUAGE_STANDARD = "gnu++14";
				CLANG_CXX_LIBRARY = "libc++";
				CLANG_ENABLE_MODULES = YES;
				CLANG_ENABLE_OBJC_ARC = YES;
				CLANG_ENABLE_OBJC_WEAK = YES;
				CLANG_WARN_BLOCK_CAPTURE_AUTORELEASING = YES;
				CLANG_WARN_BOOL_CONVERSION = YES;
				CLANG_WARN_COMMA = YES;
				CLANG_WARN_CONSTANT_CONVERSION = YES;
				CLANG_WARN_DEPRECATED_OBJC_IMPLEMENTATIONS = YES;
				CLANG_WARN_DIRECT_OBJC_ISA_USAGE = YES_ERROR;
				CLANG_WARN_DOCUMENTATION_COMMENTS = YES;
				CLANG_WARN_EMPTY_BODY = YES;
				CLANG_WARN_ENUM_CONVERSION = YES;
				CLANG_WARN_INFINITE_RECURSION = YES;
				CLANG_WARN_INT_CONVERSION = YES;
				CLANG_WARN_NON_LITERAL_NULL_CONVERSION = YES;
				CLANG_WARN_OBJC_IMPLICIT_RETAIN_SELF = YES;
				CLANG_WARN_OBJC_LITERAL_CONVERSION = YES;
				CLANG_WARN_OBJC_ROOT_CLASS = YES_ERROR;
				CLANG_WARN_QUOTED_INCLUDE_IN_FRAMEWORK_HEADER = YES;
				CLANG_WARN_RANGE_LOOP_ANALYSIS = YES;
				CLANG_WARN_STRICT_PROTOTYPES = YES;
				CLANG_WARN_SUSPICIOUS_MOVE = YES;
				CLANG_WARN_UNGUARDED_AVAILABILITY = YES_AGGRESSIVE;
				CLANG_WARN_UNREACHABLE_CODE = YES;
				CLANG_WARN__DUPLICATE_METHOD_MATCH = YES;
				COPY_PHASE_STRIP = NO;
				DEBUG_INFORMATION_FORMAT = dwarf;
				ENABLE_STRICT_OBJC_MSGSEND = YES;
				ENABLE_TESTABILITY = YES;
				GCC_C_LANGUAGE_STANDARD = gnu11;
				GCC_DYNAMIC_NO_PIC = NO;
				GCC_NO_COMMON_BLOCKS = YES;
				GCC_OPTIMIZATION_LEVEL = 0;
				GCC_PREPROCESSOR_DEFINITIONS = (
					"DEBUG=1",
					"$(inherited)",
				);
				GCC_WARN_64_TO_32_BIT_CONVERSION = YES;
				GCC_WARN_ABOUT_RETURN_TYPE = YES_ERROR;
				GCC_WARN_UNDECLARED_SELECTOR = YES;
				GCC_WARN_UNINITIALIZED_AUTOS = YES_AGGRESSIVE;
				GCC_WARN_UNUSED_FUNCTION = YES;
				GCC_WARN_UNUSED_VARIABLE = YES;
				IPHONEOS_DEPLOYMENT_TARGET = 14.5;
				MTL_ENABLE_DEBUG_INFO = INCLUDE_SOURCE;
				MTL_FAST_MATH = YES;
				ONLY_ACTIVE_ARCH = YES;
				SDKROOT = iphoneos;
				SWIFT_ACTIVE_COMPILATION_CONDITIONS = DEBUG;
				SWIFT_OPTIMIZATION_LEVEL = "-Onone";
			};
			name = Debug;
		};
		01A5D6DB2743A2B100A90DE3 /* Release */ = {
			isa = XCBuildConfiguration;
			buildSettings = {
				ALWAYS_SEARCH_USER_PATHS = NO;
				CLANG_ANALYZER_NONNULL = YES;
				CLANG_ANALYZER_NUMBER_OBJECT_CONVERSION = YES_AGGRESSIVE;
				CLANG_CXX_LANGUAGE_STANDARD = "gnu++14";
				CLANG_CXX_LIBRARY = "libc++";
				CLANG_ENABLE_MODULES = YES;
				CLANG_ENABLE_OBJC_ARC = YES;
				CLANG_ENABLE_OBJC_WEAK = YES;
				CLANG_WARN_BLOCK_CAPTURE_AUTORELEASING = YES;
				CLANG_WARN_BOOL_CONVERSION = YES;
				CLANG_WARN_COMMA = YES;
				CLANG_WARN_CONSTANT_CONVERSION = YES;
				CLANG_WARN_DEPRECATED_OBJC_IMPLEMENTATIONS = YES;
				CLANG_WARN_DIRECT_OBJC_ISA_USAGE = YES_ERROR;
				CLANG_WARN_DOCUMENTATION_COMMENTS = YES;
				CLANG_WARN_EMPTY_BODY = YES;
				CLANG_WARN_ENUM_CONVERSION = YES;
				CLANG_WARN_INFINITE_RECURSION = YES;
				CLANG_WARN_INT_CONVERSION = YES;
				CLANG_WARN_NON_LITERAL_NULL_CONVERSION = YES;
				CLANG_WARN_OBJC_IMPLICIT_RETAIN_SELF = YES;
				CLANG_WARN_OBJC_LITERAL_CONVERSION = YES;
				CLANG_WARN_OBJC_ROOT_CLASS = YES_ERROR;
				CLANG_WARN_QUOTED_INCLUDE_IN_FRAMEWORK_HEADER = YES;
				CLANG_WARN_RANGE_LOOP_ANALYSIS = YES;
				CLANG_WARN_STRICT_PROTOTYPES = YES;
				CLANG_WARN_SUSPICIOUS_MOVE = YES;
				CLANG_WARN_UNGUARDED_AVAILABILITY = YES_AGGRESSIVE;
				CLANG_WARN_UNREACHABLE_CODE = YES;
				CLANG_WARN__DUPLICATE_METHOD_MATCH = YES;
				COPY_PHASE_STRIP = NO;
				DEBUG_INFORMATION_FORMAT = "dwarf-with-dsym";
				ENABLE_NS_ASSERTIONS = NO;
				ENABLE_STRICT_OBJC_MSGSEND = YES;
				GCC_C_LANGUAGE_STANDARD = gnu11;
				GCC_NO_COMMON_BLOCKS = YES;
				GCC_WARN_64_TO_32_BIT_CONVERSION = YES;
				GCC_WARN_ABOUT_RETURN_TYPE = YES_ERROR;
				GCC_WARN_UNDECLARED_SELECTOR = YES;
				GCC_WARN_UNINITIALIZED_AUTOS = YES_AGGRESSIVE;
				GCC_WARN_UNUSED_FUNCTION = YES;
				GCC_WARN_UNUSED_VARIABLE = YES;
				IPHONEOS_DEPLOYMENT_TARGET = 14.5;
				MTL_ENABLE_DEBUG_INFO = NO;
				MTL_FAST_MATH = YES;
				SDKROOT = iphoneos;
				SWIFT_COMPILATION_MODE = wholemodule;
				SWIFT_OPTIMIZATION_LEVEL = "-O";
				VALIDATE_PRODUCT = YES;
			};
			name = Release;
		};
		01A5D6DD2743A2B100A90DE3 /* Debug */ = {
			isa = XCBuildConfiguration;
			buildSettings = {
				ASSETCATALOG_COMPILER_APPICON_NAME = AppIcon;
				ASSETCATALOG_COMPILER_GLOBAL_ACCENT_COLOR_NAME = AccentColor;
				CODE_SIGN_STYLE = Automatic;
				DEVELOPMENT_TEAM = WB3J5J4ZWS;
				INFOPLIST_FILE = 01_GoodAsOldPhones/Info.plist;
				LD_RUNPATH_SEARCH_PATHS = (
					"$(inherited)",
					"@executable_path/Frameworks",
				);
				PRODUCT_BUNDLE_IDENTIFIER = "com.rae.-1-GoodAsOldPhones";
				PRODUCT_NAME = "$(TARGET_NAME)";
				SWIFT_VERSION = 5.0;
				TARGETED_DEVICE_FAMILY = 1;
			};
			name = Debug;
		};
		01A5D6DE2743A2B100A90DE3 /* Release */ = {
			isa = XCBuildConfiguration;
			buildSettings = {
				ASSETCATALOG_COMPILER_APPICON_NAME = AppIcon;
				ASSETCATALOG_COMPILER_GLOBAL_ACCENT_COLOR_NAME = AccentColor;
				CODE_SIGN_STYLE = Automatic;
				DEVELOPMENT_TEAM = WB3J5J4ZWS;
				INFOPLIST_FILE = 01_GoodAsOldPhones/Info.plist;
				LD_RUNPATH_SEARCH_PATHS = (
					"$(inherited)",
					"@executable_path/Frameworks",
				);
				PRODUCT_BUNDLE_IDENTIFIER = "com.rae.-1-GoodAsOldPhones";
				PRODUCT_NAME = "$(TARGET_NAME)";
				SWIFT_VERSION = 5.0;
				TARGETED_DEVICE_FAMILY = 1;
			};
			name = Release;
		};
/* End XCBuildConfiguration section */

/* Begin XCConfigurationList section */
		01A5D6C32743A2AF00A90DE3 /* Build configuration list for PBXProject "01_GoodAsOldPhones" */ = {
			isa = XCConfigurationList;
			buildConfigurations = (
				01A5D6DA2743A2B100A90DE3 /* Debug */,
				01A5D6DB2743A2B100A90DE3 /* Release */,
			);
			defaultConfigurationIsVisible = 0;
			defaultConfigurationName = Release;
		};
		01A5D6DC2743A2B100A90DE3 /* Build configuration list for PBXNativeTarget "01_GoodAsOldPhones" */ = {
			isa = XCConfigurationList;
			buildConfigurations = (
				01A5D6DD2743A2B100A90DE3 /* Debug */,
				01A5D6DE2743A2B100A90DE3 /* Release */,
			);
			defaultConfigurationIsVisible = 0;
			defaultConfigurationName = Release;
		};
/* End XCConfigurationList section */
	};
	rootObject = 01A5D6C02743A2AF00A90DE3 /* Project object */;
}
