// !$*UTF8*$!
{
	archiveVersion = 1;
	classes = {
	};
	objectVersion = 50;
	objects = {

/* Begin PBXBuildFile section */
		01AA71C5275B64350096E27C /* AppDelegate.swift in Sources */ = {isa = PBXBuildFile; fileRef = 01AA71C4275B64350096E27C /* AppDelegate.swift */; };
		01AA71C7275B64350096E27C /* SceneDelegate.swift in Sources */ = {isa = PBXBuildFile; fileRef = 01AA71C6275B64350096E27C /* SceneDelegate.swift */; };
		01AA71CE275B64360096E27C /* Assets.xcassets in Resources */ = {isa = PBXBuildFile; fileRef = 01AA71CD275B64360096E27C /* Assets.xcassets */; };
		01AA71D1275B64360096E27C /* LaunchScreen.storyboard in Resources */ = {isa = PBXBuildFile; fileRef = 01AA71CF275B64360096E27C /* LaunchScreen.storyboard */; };
		01AA71DC275B98AF0096E27C /* PokeMasterViewController.swift in Sources */ = {isa = PBXBuildFile; fileRef = 01AA71DB275B98AF0096E27C /* PokeMasterViewController.swift */; };
		01AA71DE275B98B70096E27C /* PokeDetailViewController.swift in Sources */ = {isa = PBXBuildFile; fileRef = 01AA71DD275B98B70096E27C /* PokeDetailViewController.swift */; };
		01AA71E1275C65010096E27C /* Pokemon.swift in Sources */ = {isa = PBXBuildFile; fileRef = 01AA71E0275C65010096E27C /* Pokemon.swift */; };
		01AA71E4275C67360096E27C /* PokeMasterTableViewCell.swift in Sources */ = {isa = PBXBuildFile; fileRef = 01AA71E3275C67360096E27C /* PokeMasterTableViewCell.swift */; };
/* End PBXBuildFile section */

/* Begin PBXFileReference section */
		01AA71C1275B64350096E27C /* 07_PokedexGo.app */ = {isa = PBXFileReference; explicitFileType = wrapper.application; includeInIndex = 0; path = 07_PokedexGo.app; sourceTree = BUILT_PRODUCTS_DIR; };
		01AA71C4275B64350096E27C /* AppDelegate.swift */ = {isa = PBXFileReference; lastKnownFileType = sourcecode.swift; path = AppDelegate.swift; sourceTree = "<group>"; };
		01AA71C6275B64350096E27C /* SceneDelegate.swift */ = {isa = PBXFileReference; lastKnownFileType = sourcecode.swift; path = SceneDelegate.swift; sourceTree = "<group>"; };
		01AA71CD275B64360096E27C /* Assets.xcassets */ = {isa = PBXFileReference; lastKnownFileType = folder.assetcatalog; path = Assets.xcassets; sourceTree = "<group>"; };
		01AA71D0275B64360096E27C /* Base */ = {isa = PBXFileReference; lastKnownFileType = file.storyboard; name = Base; path = Base.lproj/LaunchScreen.storyboard; sourceTree = "<group>"; };
		01AA71D2275B64360096E27C /* Info.plist */ = {isa = PBXFileReference; lastKnownFileType = text.plist.xml; path = Info.plist; sourceTree = "<group>"; };
		01AA71DB275B98AF0096E27C /* PokeMasterViewController.swift */ = {isa = PBXFileReference; lastKnownFileType = sourcecode.swift; path = PokeMasterViewController.swift; sourceTree = "<group>"; };
		01AA71DD275B98B70096E27C /* PokeDetailViewController.swift */ = {isa = PBXFileReference; lastKnownFileType = sourcecode.swift; path = PokeDetailViewController.swift; sourceTree = "<group>"; };
		01AA71E0275C65010096E27C /* Pokemon.swift */ = {isa = PBXFileReference; lastKnownFileType = sourcecode.swift; path = Pokemon.swift; sourceTree = "<group>"; };
		01AA71E3275C67360096E27C /* PokeMasterTableViewCell.swift */ = {isa = PBXFileReference; lastKnownFileType = sourcecode.swift; path = PokeMasterTableViewCell.swift; sourceTree = "<group>"; };
/* End PBXFileReference section */

/* Begin PBXFrameworksBuildPhase section */
		01AA71BE275B64350096E27C /* Frameworks */ = {
			isa = PBXFrameworksBuildPhase;
			buildActionMask = 2147483647;
			files = (
			);
			runOnlyForDeploymentPostprocessing = 0;
		};
/* End PBXFrameworksBuildPhase section */

/* Begin PBXGroup section */
		01AA71B8275B64350096E27C = {
			isa = PBXGroup;
			children = (
				01AA71C3275B64350096E27C /* 07_PokedexGo */,
				01AA71C2275B64350096E27C /* Products */,
			);
			sourceTree = "<group>";
		};
		01AA71C2275B64350096E27C /* Products */ = {
			isa = PBXGroup;
			children = (
				01AA71C1275B64350096E27C /* 07_PokedexGo.app */,
			);
			name = Products;
			sourceTree = "<group>";
		};
		01AA71C3275B64350096E27C /* 07_PokedexGo */ = {
			isa = PBXGroup;
			children = (
				01AA71D8275B94A20096E27C /* Supporting Files */,
				01AA71E2275C65040096E27C /* Model */,
				01AA71E5275C67380096E27C /* View */,
				01AA71DF275B98BE0096E27C /* ViewController */,
				01AA71D2275B64360096E27C /* Info.plist */,
			);
			path = 07_PokedexGo;
			sourceTree = "<group>";
		};
		01AA71D8275B94A20096E27C /* Supporting Files */ = {
			isa = PBXGroup;
			children = (
				01AA71C4275B64350096E27C /* AppDelegate.swift */,
				01AA71C6275B64350096E27C /* SceneDelegate.swift */,
				01AA71CD275B64360096E27C /* Assets.xcassets */,
				01AA71CF275B64360096E27C /* LaunchScreen.storyboard */,
			);
			path = "Supporting Files";
			sourceTree = "<group>";
		};
		01AA71DF275B98BE0096E27C /* ViewController */ = {
			isa = PBXGroup;
			children = (
				01AA71DB275B98AF0096E27C /* PokeMasterViewController.swift */,
				01AA71DD275B98B70096E27C /* PokeDetailViewController.swift */,
			);
			path = ViewController;
			sourceTree = "<group>";
		};
		01AA71E2275C65040096E27C /* Model */ = {
			isa = PBXGroup;
			children = (
				01AA71E0275C65010096E27C /* Pokemon.swift */,
			);
			path = Model;
			sourceTree = "<group>";
		};
		01AA71E5275C67380096E27C /* View */ = {
			isa = PBXGroup;
			children = (
				01AA71E3275C67360096E27C /* PokeMasterTableViewCell.swift */,
			);
			path = View;
			sourceTree = "<group>";
		};
/* End PBXGroup section */

/* Begin PBXNativeTarget section */
		01AA71C0275B64350096E27C /* 07_PokedexGo */ = {
			isa = PBXNativeTarget;
			buildConfigurationList = 01AA71D5275B64360096E27C /* Build configuration list for PBXNativeTarget "07_PokedexGo" */;
			buildPhases = (
				01AA71BD275B64350096E27C /* Sources */,
				01AA71BE275B64350096E27C /* Frameworks */,
				01AA71BF275B64350096E27C /* Resources */,
			);
			buildRules = (
			);
			dependencies = (
			);
			name = 07_PokedexGo;
			productName = 07_PokedexGo;
			productReference = 01AA71C1275B64350096E27C /* 07_PokedexGo.app */;
			productType = "com.apple.product-type.application";
		};
/* End PBXNativeTarget section */

/* Begin PBXProject section */
		01AA71B9275B64350096E27C /* Project object */ = {
			isa = PBXProject;
			attributes = {
				LastSwiftUpdateCheck = 1250;
				LastUpgradeCheck = 1250;
				TargetAttributes = {
					01AA71C0275B64350096E27C = {
						CreatedOnToolsVersion = 12.5.1;
					};
				};
			};
			buildConfigurationList = 01AA71BC275B64350096E27C /* Build configuration list for PBXProject "07_PokedexGo" */;
			compatibilityVersion = "Xcode 9.3";
			developmentRegion = en;
			hasScannedForEncodings = 0;
			knownRegions = (
				en,
				Base,
			);
			mainGroup = 01AA71B8275B64350096E27C;
			productRefGroup = 01AA71C2275B64350096E27C /* Products */;
			projectDirPath = "";
			projectRoot = "";
			targets = (
				01AA71C0275B64350096E27C /* 07_PokedexGo */,
			);
		};
/* End PBXProject section */

/* Begin PBXResourcesBuildPhase section */
		01AA71BF275B64350096E27C /* Resources */ = {
			isa = PBXResourcesBuildPhase;
			buildActionMask = 2147483647;
			files = (
				01AA71D1275B64360096E27C /* LaunchScreen.storyboard in Resources */,
				01AA71CE275B64360096E27C /* Assets.xcassets in Resources */,
			);
			runOnlyForDeploymentPostprocessing = 0;
		};
/* End PBXResourcesBuildPhase section */

/* Begin PBXSourcesBuildPhase section */
		01AA71BD275B64350096E27C /* Sources */ = {
			isa = PBXSourcesBuildPhase;
			buildActionMask = 2147483647;
			files = (
				01AA71E4275C67360096E27C /* PokeMasterTableViewCell.swift in Sources */,
				01AA71E1275C65010096E27C /* Pokemon.swift in Sources */,
				01AA71DC275B98AF0096E27C /* PokeMasterViewController.swift in Sources */,
				01AA71C5275B64350096E27C /* AppDelegate.swift in Sources */,
				01AA71DE275B98B70096E27C /* PokeDetailViewController.swift in Sources */,
				01AA71C7275B64350096E27C /* SceneDelegate.swift in Sources */,
			);
			runOnlyForDeploymentPostprocessing = 0;
		};
/* End PBXSourcesBuildPhase section */

/* Begin PBXVariantGroup section */
		01AA71CF275B64360096E27C /* LaunchScreen.storyboard */ = {
			isa = PBXVariantGroup;
			children = (
				01AA71D0275B64360096E27C /* Base */,
			);
			name = LaunchScreen.storyboard;
			sourceTree = "<group>";
		};
/* End PBXVariantGroup section */

/* Begin XCBuildConfiguration section */
		01AA71D3275B64360096E27C /* Debug */ = {
			isa = XCBuildConfiguration;
			buildSettings = {
				ALWAYS_SEARCH_USER_PATHS = NO;
				CLANG_ANALYZER_NONNULL = YES;
				CLANG_ANALYZER_NUMBER_OBJECT_CONVERSION = YES_AGGRESSIVE;
				CLANG_CXX_LANGUAGE_STANDARD = "gnu++14";
				CLANG_CXX_LIBRARY = "libc++";
				CLANG_ENABLE_MODULES = YES;
				CLANG_ENABLE_OBJC_ARC = YES;
				CLANG_ENABLE_OBJC_WEAK = YES;
				CLANG_WARN_BLOCK_CAPTURE_AUTORELEASING = YES;
				CLANG_WARN_BOOL_CONVERSION = YES;
				CLANG_WARN_COMMA = YES;
				CLANG_WARN_CONSTANT_CONVERSION = YES;
				CLANG_WARN_DEPRECATED_OBJC_IMPLEMENTATIONS = YES;
				CLANG_WARN_DIRECT_OBJC_ISA_USAGE = YES_ERROR;
				CLANG_WARN_DOCUMENTATION_COMMENTS = YES;
				CLANG_WARN_EMPTY_BODY = YES;
				CLANG_WARN_ENUM_CONVERSION = YES;
				CLANG_WARN_INFINITE_RECURSION = YES;
				CLANG_WARN_INT_CONVERSION = YES;
				CLANG_WARN_NON_LITERAL_NULL_CONVERSION = YES;
				CLANG_WARN_OBJC_IMPLICIT_RETAIN_SELF = YES;
				CLANG_WARN_OBJC_LITERAL_CONVERSION = YES;
				CLANG_WARN_OBJC_ROOT_CLASS = YES_ERROR;
				CLANG_WARN_QUOTED_INCLUDE_IN_FRAMEWORK_HEADER = YES;
				CLANG_WARN_RANGE_LOOP_ANALYSIS = YES;
				CLANG_WARN_STRICT_PROTOTYPES = YES;
				CLANG_WARN_SUSPICIOUS_MOVE = YES;
				CLANG_WARN_UNGUARDED_AVAILABILITY = YES_AGGRESSIVE;
				CLANG_WARN_UNREACHABLE_CODE = YES;
				CLANG_WARN__DUPLICATE_METHOD_MATCH = YES;
				COPY_PHASE_STRIP = NO;
				DEBUG_INFORMATION_FORMAT = dwarf;
				ENABLE_STRICT_OBJC_MSGSEND = YES;
				ENABLE_TESTABILITY = YES;
				GCC_C_LANGUAGE_STANDARD = gnu11;
				GCC_DYNAMIC_NO_PIC = NO;
				GCC_NO_COMMON_BLOCKS = YES;
				GCC_OPTIMIZATION_LEVEL = 0;
				GCC_PREPROCESSOR_DEFINITIONS = (
					"DEBUG=1",
					"$(inherited)",
				);
				GCC_WARN_64_TO_32_BIT_CONVERSION = YES;
				GCC_WARN_ABOUT_RETURN_TYPE = YES_ERROR;
				GCC_WARN_UNDECLARED_SELECTOR = YES;
				GCC_WARN_UNINITIALIZED_AUTOS = YES_AGGRESSIVE;
				GCC_WARN_UNUSED_FUNCTION = YES;
				GCC_WARN_UNUSED_VARIABLE = YES;
				IPHONEOS_DEPLOYMENT_TARGET = 14.5;
				MTL_ENABLE_DEBUG_INFO = INCLUDE_SOURCE;
				MTL_FAST_MATH = YES;
				ONLY_ACTIVE_ARCH = YES;
				SDKROOT = iphoneos;
				SWIFT_ACTIVE_COMPILATION_CONDITIONS = DEBUG;
				SWIFT_OPTIMIZATION_LEVEL = "-Onone";
			};
			name = Debug;
		};
		01AA71D4275B64360096E27C /* Release */ = {
			isa = XCBuildConfiguration;
			buildSettings = {
				ALWAYS_SEARCH_USER_PATHS = NO;
				CLANG_ANALYZER_NONNULL = YES;
				CLANG_ANALYZER_NUMBER_OBJECT_CONVERSION = YES_AGGRESSIVE;
				CLANG_CXX_LANGUAGE_STANDARD = "gnu++14";
				CLANG_CXX_LIBRARY = "libc++";
				CLANG_ENABLE_MODULES = YES;
				CLANG_ENABLE_OBJC_ARC = YES;
				CLANG_ENABLE_OBJC_WEAK = YES;
				CLANG_WARN_BLOCK_CAPTURE_AUTORELEASING = YES;
				CLANG_WARN_BOOL_CONVERSION = YES;
				CLANG_WARN_COMMA = YES;
				CLANG_WARN_CONSTANT_CONVERSION = YES;
				CLANG_WARN_DEPRECATED_OBJC_IMPLEMENTATIONS = YES;
				CLANG_WARN_DIRECT_OBJC_ISA_USAGE = YES_ERROR;
				CLANG_WARN_DOCUMENTATION_COMMENTS = YES;
				CLANG_WARN_EMPTY_BODY = YES;
				CLANG_WARN_ENUM_CONVERSION = YES;
				CLANG_WARN_INFINITE_RECURSION = YES;
				CLANG_WARN_INT_CONVERSION = YES;
				CLANG_WARN_NON_LITERAL_NULL_CONVERSION = YES;
				CLANG_WARN_OBJC_IMPLICIT_RETAIN_SELF = YES;
				CLANG_WARN_OBJC_LITERAL_CONVERSION = YES;
				CLANG_WARN_OBJC_ROOT_CLASS = YES_ERROR;
				CLANG_WARN_QUOTED_INCLUDE_IN_FRAMEWORK_HEADER = YES;
				CLANG_WARN_RANGE_LOOP_ANALYSIS = YES;
				CLANG_WARN_STRICT_PROTOTYPES = YES;
				CLANG_WARN_SUSPICIOUS_MOVE = YES;
				CLANG_WARN_UNGUARDED_AVAILABILITY = YES_AGGRESSIVE;
				CLANG_WARN_UNREACHABLE_CODE = YES;
				CLANG_WARN__DUPLICATE_METHOD_MATCH = YES;
				COPY_PHASE_STRIP = NO;
				DEBUG_INFORMATION_FORMAT = "dwarf-with-dsym";
				ENABLE_NS_ASSERTIONS = NO;
				ENABLE_STRICT_OBJC_MSGSEND = YES;
				GCC_C_LANGUAGE_STANDARD = gnu11;
				GCC_NO_COMMON_BLOCKS = YES;
				GCC_WARN_64_TO_32_BIT_CONVERSION = YES;
				GCC_WARN_ABOUT_RETURN_TYPE = YES_ERROR;
				GCC_WARN_UNDECLARED_SELECTOR = YES;
				GCC_WARN_UNINITIALIZED_AUTOS = YES_AGGRESSIVE;
				GCC_WARN_UNUSED_FUNCTION = YES;
				GCC_WARN_UNUSED_VARIABLE = YES;
				IPHONEOS_DEPLOYMENT_TARGET = 14.5;
				MTL_ENABLE_DEBUG_INFO = NO;
				MTL_FAST_MATH = YES;
				SDKROOT = iphoneos;
				SWIFT_COMPILATION_MODE = wholemodule;
				SWIFT_OPTIMIZATION_LEVEL = "-O";
				VALIDATE_PRODUCT = YES;
			};
			name = Release;
		};
		01AA71D6275B64360096E27C /* Debug */ = {
			isa = XCBuildConfiguration;
			buildSettings = {
				ASSETCATALOG_COMPILER_APPICON_NAME = AppIcon;
				ASSETCATALOG_COMPILER_GLOBAL_ACCENT_COLOR_NAME = AccentColor;
				CODE_SIGN_STYLE = Automatic;
				DEVELOPMENT_TEAM = WB3J5J4ZWS;
				INFOPLIST_FILE = 07_PokedexGo/Info.plist;
				LD_RUNPATH_SEARCH_PATHS = (
					"$(inherited)",
					"@executable_path/Frameworks",
				);
				PRODUCT_BUNDLE_IDENTIFIER = "com.rae.-7-PokedexGo";
				PRODUCT_NAME = "$(TARGET_NAME)";
				SWIFT_VERSION = 5.0;
				TARGETED_DEVICE_FAMILY = "1,2";
			};
			name = Debug;
		};
		01AA71D7275B64360096E27C /* Release */ = {
			isa = XCBuildConfiguration;
			buildSettings = {
				ASSETCATALOG_COMPILER_APPICON_NAME = AppIcon;
				ASSETCATALOG_COMPILER_GLOBAL_ACCENT_COLOR_NAME = AccentColor;
				CODE_SIGN_STYLE = Automatic;
				DEVELOPMENT_TEAM = WB3J5J4ZWS;
				INFOPLIST_FILE = 07_PokedexGo/Info.plist;
				LD_RUNPATH_SEARCH_PATHS = (
					"$(inherited)",
					"@executable_path/Frameworks",
				);
				PRODUCT_BUNDLE_IDENTIFIER = "com.rae.-7-PokedexGo";
				PRODUCT_NAME = "$(TARGET_NAME)";
				SWIFT_VERSION = 5.0;
				TARGETED_DEVICE_FAMILY = "1,2";
			};
			name = Release;
		};
/* End XCBuildConfiguration section */

/* Begin XCConfigurationList section */
		01AA71BC275B64350096E27C /* Build configuration list for PBXProject "07_PokedexGo" */ = {
			isa = XCConfigurationList;
			buildConfigurations = (
				01AA71D3275B64360096E27C /* Debug */,
				01AA71D4275B64360096E27C /* Release */,
			);
			defaultConfigurationIsVisible = 0;
			defaultConfigurationName = Release;
		};
		01AA71D5275B64360096E27C /* Build configuration list for PBXNativeTarget "07_PokedexGo" */ = {
			isa = XCConfigurationList;
			buildConfigurations = (
				01AA71D6275B64360096E27C /* Debug */,
				01AA71D7275B64360096E27C /* Release */,
			);
			defaultConfigurationIsVisible = 0;
			defaultConfigurationName = Release;
		};
/* End XCConfigurationList section */
	};
	rootObject = 01AA71B9275B64350096E27C /* Project object */;
}
