// !$*UTF8*$!
{
	archiveVersion = 1;
	classes = {
	};
	objectVersion = 50;
	objects = {

/* Begin PBXBuildFile section */
		01894062274A5EFD006D98B0 /* AppDelegate.swift in Sources */ = {isa = PBXBuildFile; fileRef = 01894061274A5EFD006D98B0 /* AppDelegate.swift */; };
		01894064274A5EFD006D98B0 /* SceneDelegate.swift in Sources */ = {isa = PBXBuildFile; fileRef = 01894063274A5EFD006D98B0 /* SceneDelegate.swift */; };
		01894066274A5EFD006D98B0 /* FacebookViewController.swift in Sources */ = {isa = PBXBuildFile; fileRef = 01894065274A5EFD006D98B0 /* FacebookViewController.swift */; };
		0189406B274A5EFF006D98B0 /* Assets.xcassets in Resources */ = {isa = PBXBuildFile; fileRef = 0189406A274A5EFF006D98B0 /* Assets.xcassets */; };
		0189406E274A5EFF006D98B0 /* LaunchScreen.storyboard in Resources */ = {isa = PBXBuildFile; fileRef = 0189406C274A5EFF006D98B0 /* LaunchScreen.storyboard */; };
		01894077274A61E5006D98B0 /* UIColor+Extension.swift in Sources */ = {isa = PBXBuildFile; fileRef = 01894076274A61E5006D98B0 /* UIColor+Extension.swift */; };
		01894079274A7BB8006D98B0 /* TableKeys.swift in Sources */ = {isa = PBXBuildFile; fileRef = 01894078274A7BB8006D98B0 /* TableKeys.swift */; };
/* End PBXBuildFile section */

/* Begin PBXFileReference section */
		0189405E274A5EFD006D98B0 /* 03_FacebookMe.app */ = {isa = PBXFileReference; explicitFileType = wrapper.application; includeInIndex = 0; path = 03_FacebookMe.app; sourceTree = BUILT_PRODUCTS_DIR; };
		01894061274A5EFD006D98B0 /* AppDelegate.swift */ = {isa = PBXFileReference; lastKnownFileType = sourcecode.swift; path = AppDelegate.swift; sourceTree = "<group>"; };
		01894063274A5EFD006D98B0 /* SceneDelegate.swift */ = {isa = PBXFileReference; lastKnownFileType = sourcecode.swift; path = SceneDelegate.swift; sourceTree = "<group>"; };
		01894065274A5EFD006D98B0 /* FacebookViewController.swift */ = {isa = PBXFileReference; lastKnownFileType = sourcecode.swift; path = FacebookViewController.swift; sourceTree = "<group>"; };
		0189406A274A5EFF006D98B0 /* Assets.xcassets */ = {isa = PBXFileReference; lastKnownFileType = folder.assetcatalog; path = Assets.xcassets; sourceTree = "<group>"; };
		0189406D274A5EFF006D98B0 /* Base */ = {isa = PBXFileReference; lastKnownFileType = file.storyboard; name = Base; path = Base.lproj/LaunchScreen.storyboard; sourceTree = "<group>"; };
		0189406F274A5EFF006D98B0 /* Info.plist */ = {isa = PBXFileReference; lastKnownFileType = text.plist.xml; path = Info.plist; sourceTree = "<group>"; };
		01894076274A61E5006D98B0 /* UIColor+Extension.swift */ = {isa = PBXFileReference; lastKnownFileType = sourcecode.swift; path = "UIColor+Extension.swift"; sourceTree = "<group>"; };
		01894078274A7BB8006D98B0 /* TableKeys.swift */ = {isa = PBXFileReference; lastKnownFileType = sourcecode.swift; path = TableKeys.swift; sourceTree = "<group>"; };
/* End PBXFileReference section */

/* Begin PBXFrameworksBuildPhase section */
		0189405B274A5EFD006D98B0 /* Frameworks */ = {
			isa = PBXFrameworksBuildPhase;
			buildActionMask = 2147483647;
			files = (
			);
			runOnlyForDeploymentPostprocessing = 0;
		};
/* End PBXFrameworksBuildPhase section */

/* Begin PBXGroup section */
		01894055274A5EFD006D98B0 = {
			isa = PBXGroup;
			children = (
				01894060274A5EFD006D98B0 /* 03_FacebookMe */,
				0189405F274A5EFD006D98B0 /* Products */,
			);
			sourceTree = "<group>";
		};
		0189405F274A5EFD006D98B0 /* Products */ = {
			isa = PBXGroup;
			children = (
				0189405E274A5EFD006D98B0 /* 03_FacebookMe.app */,
			);
			name = Products;
			sourceTree = "<group>";
		};
		01894060274A5EFD006D98B0 /* 03_FacebookMe */ = {
			isa = PBXGroup;
			children = (
				01894075274A5F0A006D98B0 /* Supporting Files */,
				01894065274A5EFD006D98B0 /* FacebookViewController.swift */,
				01894078274A7BB8006D98B0 /* TableKeys.swift */,
				01894076274A61E5006D98B0 /* UIColor+Extension.swift */,
				0189406F274A5EFF006D98B0 /* Info.plist */,
			);
			path = 03_FacebookMe;
			sourceTree = "<group>";
		};
		01894075274A5F0A006D98B0 /* Supporting Files */ = {
			isa = PBXGroup;
			children = (
				01894061274A5EFD006D98B0 /* AppDelegate.swift */,
				01894063274A5EFD006D98B0 /* SceneDelegate.swift */,
				0189406A274A5EFF006D98B0 /* Assets.xcassets */,
				0189406C274A5EFF006D98B0 /* LaunchScreen.storyboard */,
			);
			path = "Supporting Files";
			sourceTree = "<group>";
		};
/* End PBXGroup section */

/* Begin PBXNativeTarget section */
		0189405D274A5EFD006D98B0 /* 03_FacebookMe */ = {
			isa = PBXNativeTarget;
			buildConfigurationList = 01894072274A5EFF006D98B0 /* Build configuration list for PBXNativeTarget "03_FacebookMe" */;
			buildPhases = (
				0189405A274A5EFD006D98B0 /* Sources */,
				0189405B274A5EFD006D98B0 /* Frameworks */,
				0189405C274A5EFD006D98B0 /* Resources */,
			);
			buildRules = (
			);
			dependencies = (
			);
			name = 03_FacebookMe;
			productName = 03_FacebookMe;
			productReference = 0189405E274A5EFD006D98B0 /* 03_FacebookMe.app */;
			productType = "com.apple.product-type.application";
		};
/* End PBXNativeTarget section */

/* Begin PBXProject section */
		01894056274A5EFD006D98B0 /* Project object */ = {
			isa = PBXProject;
			attributes = {
				LastSwiftUpdateCheck = 1250;
				LastUpgradeCheck = 1250;
				TargetAttributes = {
					0189405D274A5EFD006D98B0 = {
						CreatedOnToolsVersion = 12.5.1;
					};
				};
			};
			buildConfigurationList = 01894059274A5EFD006D98B0 /* Build configuration list for PBXProject "03_FacebookMe" */;
			compatibilityVersion = "Xcode 9.3";
			developmentRegion = en;
			hasScannedForEncodings = 0;
			knownRegions = (
				en,
				Base,
			);
			mainGroup = 01894055274A5EFD006D98B0;
			productRefGroup = 0189405F274A5EFD006D98B0 /* Products */;
			projectDirPath = "";
			projectRoot = "";
			targets = (
				0189405D274A5EFD006D98B0 /* 03_FacebookMe */,
			);
		};
/* End PBXProject section */

/* Begin PBXResourcesBuildPhase section */
		0189405C274A5EFD006D98B0 /* Resources */ = {
			isa = PBXResourcesBuildPhase;
			buildActionMask = 2147483647;
			files = (
				0189406E274A5EFF006D98B0 /* LaunchScreen.storyboard in Resources */,
				0189406B274A5EFF006D98B0 /* Assets.xcassets in Resources */,
			);
			runOnlyForDeploymentPostprocessing = 0;
		};
/* End PBXResourcesBuildPhase section */

/* Begin PBXSourcesBuildPhase section */
		0189405A274A5EFD006D98B0 /* Sources */ = {
			isa = PBXSourcesBuildPhase;
			buildActionMask = 2147483647;
			files = (
				01894066274A5EFD006D98B0 /* FacebookViewController.swift in Sources */,
				01894079274A7BB8006D98B0 /* TableKeys.swift in Sources */,
				01894062274A5EFD006D98B0 /* AppDelegate.swift in Sources */,
				01894064274A5EFD006D98B0 /* SceneDelegate.swift in Sources */,
				01894077274A61E5006D98B0 /* UIColor+Extension.swift in Sources */,
			);
			runOnlyForDeploymentPostprocessing = 0;
		};
/* End PBXSourcesBuildPhase section */

/* Begin PBXVariantGroup section */
		0189406C274A5EFF006D98B0 /* LaunchScreen.storyboard */ = {
			isa = PBXVariantGroup;
			children = (
				0189406D274A5EFF006D98B0 /* Base */,
			);
			name = LaunchScreen.storyboard;
			sourceTree = "<group>";
		};
/* End PBXVariantGroup section */

/* Begin XCBuildConfiguration section */
		01894070274A5EFF006D98B0 /* Debug */ = {
			isa = XCBuildConfiguration;
			buildSettings = {
				ALWAYS_SEARCH_USER_PATHS = NO;
				CLANG_ANALYZER_NONNULL = YES;
				CLANG_ANALYZER_NUMBER_OBJECT_CONVERSION = YES_AGGRESSIVE;
				CLANG_CXX_LANGUAGE_STANDARD = "gnu++14";
				CLANG_CXX_LIBRARY = "libc++";
				CLANG_ENABLE_MODULES = YES;
				CLANG_ENABLE_OBJC_ARC = YES;
				CLANG_ENABLE_OBJC_WEAK = YES;
				CLANG_WARN_BLOCK_CAPTURE_AUTORELEASING = YES;
				CLANG_WARN_BOOL_CONVERSION = YES;
				CLANG_WARN_COMMA = YES;
				CLANG_WARN_CONSTANT_CONVERSION = YES;
				CLANG_WARN_DEPRECATED_OBJC_IMPLEMENTATIONS = YES;
				CLANG_WARN_DIRECT_OBJC_ISA_USAGE = YES_ERROR;
				CLANG_WARN_DOCUMENTATION_COMMENTS = YES;
				CLANG_WARN_EMPTY_BODY = YES;
				CLANG_WARN_ENUM_CONVERSION = YES;
				CLANG_WARN_INFINITE_RECURSION = YES;
				CLANG_WARN_INT_CONVERSION = YES;
				CLANG_WARN_NON_LITERAL_NULL_CONVERSION = YES;
				CLANG_WARN_OBJC_IMPLICIT_RETAIN_SELF = YES;
				CLANG_WARN_OBJC_LITERAL_CONVERSION = YES;
				CLANG_WARN_OBJC_ROOT_CLASS = YES_ERROR;
				CLANG_WARN_QUOTED_INCLUDE_IN_FRAMEWORK_HEADER = YES;
				CLANG_WARN_RANGE_LOOP_ANALYSIS = YES;
				CLANG_WARN_STRICT_PROTOTYPES = YES;
				CLANG_WARN_SUSPICIOUS_MOVE = YES;
				CLANG_WARN_UNGUARDED_AVAILABILITY = YES_AGGRESSIVE;
				CLANG_WARN_UNREACHABLE_CODE = YES;
				CLANG_WARN__DUPLICATE_METHOD_MATCH = YES;
				COPY_PHASE_STRIP = NO;
				DEBUG_INFORMATION_FORMAT = dwarf;
				ENABLE_STRICT_OBJC_MSGSEND = YES;
				ENABLE_TESTABILITY = YES;
				GCC_C_LANGUAGE_STANDARD = gnu11;
				GCC_DYNAMIC_NO_PIC = NO;
				GCC_NO_COMMON_BLOCKS = YES;
				GCC_OPTIMIZATION_LEVEL = 0;
				GCC_PREPROCESSOR_DEFINITIONS = (
					"DEBUG=1",
					"$(inherited)",
				);
				GCC_WARN_64_TO_32_BIT_CONVERSION = YES;
				GCC_WARN_ABOUT_RETURN_TYPE = YES_ERROR;
				GCC_WARN_UNDECLARED_SELECTOR = YES;
				GCC_WARN_UNINITIALIZED_AUTOS = YES_AGGRESSIVE;
				GCC_WARN_UNUSED_FUNCTION = YES;
				GCC_WARN_UNUSED_VARIABLE = YES;
				IPHONEOS_DEPLOYMENT_TARGET = 14.5;
				MTL_ENABLE_DEBUG_INFO = INCLUDE_SOURCE;
				MTL_FAST_MATH = YES;
				ONLY_ACTIVE_ARCH = YES;
				SDKROOT = iphoneos;
				SWIFT_ACTIVE_COMPILATION_CONDITIONS = DEBUG;
				SWIFT_OPTIMIZATION_LEVEL = "-Onone";
			};
			name = Debug;
		};
		01894071274A5EFF006D98B0 /* Release */ = {
			isa = XCBuildConfiguration;
			buildSettings = {
				ALWAYS_SEARCH_USER_PATHS = NO;
				CLANG_ANALYZER_NONNULL = YES;
				CLANG_ANALYZER_NUMBER_OBJECT_CONVERSION = YES_AGGRESSIVE;
				CLANG_CXX_LANGUAGE_STANDARD = "gnu++14";
				CLANG_CXX_LIBRARY = "libc++";
				CLANG_ENABLE_MODULES = YES;
				CLANG_ENABLE_OBJC_ARC = YES;
				CLANG_ENABLE_OBJC_WEAK = YES;
				CLANG_WARN_BLOCK_CAPTURE_AUTORELEASING = YES;
				CLANG_WARN_BOOL_CONVERSION = YES;
				CLANG_WARN_COMMA = YES;
				CLANG_WARN_CONSTANT_CONVERSION = YES;
				CLANG_WARN_DEPRECATED_OBJC_IMPLEMENTATIONS = YES;
				CLANG_WARN_DIRECT_OBJC_ISA_USAGE = YES_ERROR;
				CLANG_WARN_DOCUMENTATION_COMMENTS = YES;
				CLANG_WARN_EMPTY_BODY = YES;
				CLANG_WARN_ENUM_CONVERSION = YES;
				CLANG_WARN_INFINITE_RECURSION = YES;
				CLANG_WARN_INT_CONVERSION = YES;
				CLANG_WARN_NON_LITERAL_NULL_CONVERSION = YES;
				CLANG_WARN_OBJC_IMPLICIT_RETAIN_SELF = YES;
				CLANG_WARN_OBJC_LITERAL_CONVERSION = YES;
				CLANG_WARN_OBJC_ROOT_CLASS = YES_ERROR;
				CLANG_WARN_QUOTED_INCLUDE_IN_FRAMEWORK_HEADER = YES;
				CLANG_WARN_RANGE_LOOP_ANALYSIS = YES;
				CLANG_WARN_STRICT_PROTOTYPES = YES;
				CLANG_WARN_SUSPICIOUS_MOVE = YES;
				CLANG_WARN_UNGUARDED_AVAILABILITY = YES_AGGRESSIVE;
				CLANG_WARN_UNREACHABLE_CODE = YES;
				CLANG_WARN__DUPLICATE_METHOD_MATCH = YES;
				COPY_PHASE_STRIP = NO;
				DEBUG_INFORMATION_FORMAT = "dwarf-with-dsym";
				ENABLE_NS_ASSERTIONS = NO;
				ENABLE_STRICT_OBJC_MSGSEND = YES;
				GCC_C_LANGUAGE_STANDARD = gnu11;
				GCC_NO_COMMON_BLOCKS = YES;
				GCC_WARN_64_TO_32_BIT_CONVERSION = YES;
				GCC_WARN_ABOUT_RETURN_TYPE = YES_ERROR;
				GCC_WARN_UNDECLARED_SELECTOR = YES;
				GCC_WARN_UNINITIALIZED_AUTOS = YES_AGGRESSIVE;
				GCC_WARN_UNUSED_FUNCTION = YES;
				GCC_WARN_UNUSED_VARIABLE = YES;
				IPHONEOS_DEPLOYMENT_TARGET = 14.5;
				MTL_ENABLE_DEBUG_INFO = NO;
				MTL_FAST_MATH = YES;
				SDKROOT = iphoneos;
				SWIFT_COMPILATION_MODE = wholemodule;
				SWIFT_OPTIMIZATION_LEVEL = "-O";
				VALIDATE_PRODUCT = YES;
			};
			name = Release;
		};
		01894073274A5EFF006D98B0 /* Debug */ = {
			isa = XCBuildConfiguration;
			buildSettings = {
				ASSETCATALOG_COMPILER_APPICON_NAME = AppIcon;
				ASSETCATALOG_COMPILER_GLOBAL_ACCENT_COLOR_NAME = AccentColor;
				CODE_SIGN_STYLE = Automatic;
				DEVELOPMENT_TEAM = WB3J5J4ZWS;
				INFOPLIST_FILE = 03_FacebookMe/Info.plist;
				LD_RUNPATH_SEARCH_PATHS = (
					"$(inherited)",
					"@executable_path/Frameworks",
				);
				PRODUCT_BUNDLE_IDENTIFIER = "com.rae.-3-FacebookMe";
				PRODUCT_NAME = "$(TARGET_NAME)";
				SWIFT_VERSION = 5.0;
				TARGETED_DEVICE_FAMILY = 1;
			};
			name = Debug;
		};
		01894074274A5EFF006D98B0 /* Release */ = {
			isa = XCBuildConfiguration;
			buildSettings = {
				ASSETCATALOG_COMPILER_APPICON_NAME = AppIcon;
				ASSETCATALOG_COMPILER_GLOBAL_ACCENT_COLOR_NAME = AccentColor;
				CODE_SIGN_STYLE = Automatic;
				DEVELOPMENT_TEAM = WB3J5J4ZWS;
				INFOPLIST_FILE = 03_FacebookMe/Info.plist;
				LD_RUNPATH_SEARCH_PATHS = (
					"$(inherited)",
					"@executable_path/Frameworks",
				);
				PRODUCT_BUNDLE_IDENTIFIER = "com.rae.-3-FacebookMe";
				PRODUCT_NAME = "$(TARGET_NAME)";
				SWIFT_VERSION = 5.0;
				TARGETED_DEVICE_FAMILY = 1;
			};
			name = Release;
		};
/* End XCBuildConfiguration section */

/* Begin XCConfigurationList section */
		01894059274A5EFD006D98B0 /* Build configuration list for PBXProject "03_FacebookMe" */ = {
			isa = XCConfigurationList;
			buildConfigurations = (
				01894070274A5EFF006D98B0 /* Debug */,
				01894071274A5EFF006D98B0 /* Release */,
			);
			defaultConfigurationIsVisible = 0;
			defaultConfigurationName = Release;
		};
		01894072274A5EFF006D98B0 /* Build configuration list for PBXNativeTarget "03_FacebookMe" */ = {
			isa = XCConfigurationList;
			buildConfigurations = (
				01894073274A5EFF006D98B0 /* Debug */,
				01894074274A5EFF006D98B0 /* Release */,
			);
			defaultConfigurationIsVisible = 0;
			defaultConfigurationName = Release;
		};
/* End XCConfigurationList section */
	};
	rootObject = 01894056274A5EFD006D98B0 /* Project object */;
}
