// !$*UTF8*$!
{
	archiveVersion = 1;
	classes = {
	};
	objectVersion = 50;
	objects = {

/* Begin PBXBuildFile section */
		0151A37A2773064E003ABF4F /* AppDelegate.swift in Sources */ = {isa = PBXBuildFile; fileRef = 0151A3792773064E003ABF4F /* AppDelegate.swift */; };
		0151A37C2773064E003ABF4F /* SceneDelegate.swift in Sources */ = {isa = PBXBuildFile; fileRef = 0151A37B2773064E003ABF4F /* SceneDelegate.swift */; };
		0151A38327730650003ABF4F /* Assets.xcassets in Resources */ = {isa = PBXBuildFile; fileRef = 0151A38227730650003ABF4F /* Assets.xcassets */; };
		0151A38627730650003ABF4F /* LaunchScreen.storyboard in Resources */ = {isa = PBXBuildFile; fileRef = 0151A38427730650003ABF4F /* LaunchScreen.storyboard */; };
		0151A38F2773086D003ABF4F /* MainViewController.swift in Sources */ = {isa = PBXBuildFile; fileRef = 0151A38E2773086D003ABF4F /* MainViewController.swift */; };
		0151A39127730D3E003ABF4F /* Results.swift in Sources */ = {isa = PBXBuildFile; fileRef = 0151A39027730D3E003ABF4F /* Results.swift */; };
		0151A39327730D80003ABF4F /* Movies.swift in Sources */ = {isa = PBXBuildFile; fileRef = 0151A39227730D80003ABF4F /* Movies.swift */; };
		0151A39727731C76003ABF4F /* NetworkManager.swift in Sources */ = {isa = PBXBuildFile; fileRef = 0151A39627731C76003ABF4F /* NetworkManager.swift */; };
/* End PBXBuildFile section */

/* Begin PBXFileReference section */
		0151A3762773064E003ABF4F /* 17_Movies.app */ = {isa = PBXFileReference; explicitFileType = wrapper.application; includeInIndex = 0; path = 17_Movies.app; sourceTree = BUILT_PRODUCTS_DIR; };
		0151A3792773064E003ABF4F /* AppDelegate.swift */ = {isa = PBXFileReference; lastKnownFileType = sourcecode.swift; path = AppDelegate.swift; sourceTree = "<group>"; };
		0151A37B2773064E003ABF4F /* SceneDelegate.swift */ = {isa = PBXFileReference; lastKnownFileType = sourcecode.swift; path = SceneDelegate.swift; sourceTree = "<group>"; };
		0151A38227730650003ABF4F /* Assets.xcassets */ = {isa = PBXFileReference; lastKnownFileType = folder.assetcatalog; path = Assets.xcassets; sourceTree = "<group>"; };
		0151A38527730650003ABF4F /* Base */ = {isa = PBXFileReference; lastKnownFileType = file.storyboard; name = Base; path = Base.lproj/LaunchScreen.storyboard; sourceTree = "<group>"; };
		0151A38727730650003ABF4F /* Info.plist */ = {isa = PBXFileReference; lastKnownFileType = text.plist.xml; path = Info.plist; sourceTree = "<group>"; };
		0151A38E2773086D003ABF4F /* MainViewController.swift */ = {isa = PBXFileReference; lastKnownFileType = sourcecode.swift; path = MainViewController.swift; sourceTree = "<group>"; };
		0151A39027730D3E003ABF4F /* Results.swift */ = {isa = PBXFileReference; lastKnownFileType = sourcecode.swift; path = Results.swift; sourceTree = "<group>"; };
		0151A39227730D80003ABF4F /* Movies.swift */ = {isa = PBXFileReference; lastKnownFileType = sourcecode.swift; path = Movies.swift; sourceTree = "<group>"; };
		0151A39627731C76003ABF4F /* NetworkManager.swift */ = {isa = PBXFileReference; lastKnownFileType = sourcecode.swift; path = NetworkManager.swift; sourceTree = "<group>"; };
/* End PBXFileReference section */

/* Begin PBXFrameworksBuildPhase section */
		0151A3732773064E003ABF4F /* Frameworks */ = {
			isa = PBXFrameworksBuildPhase;
			buildActionMask = 2147483647;
			files = (
			);
			runOnlyForDeploymentPostprocessing = 0;
		};
/* End PBXFrameworksBuildPhase section */

/* Begin PBXGroup section */
		0151A36D2773064E003ABF4F = {
			isa = PBXGroup;
			children = (
				0151A3782773064E003ABF4F /* 17_Movies */,
				0151A3772773064E003ABF4F /* Products */,
			);
			sourceTree = "<group>";
		};
		0151A3772773064E003ABF4F /* Products */ = {
			isa = PBXGroup;
			children = (
				0151A3762773064E003ABF4F /* 17_Movies.app */,
			);
			name = Products;
			sourceTree = "<group>";
		};
		0151A3782773064E003ABF4F /* 17_Movies */ = {
			isa = PBXGroup;
			children = (
				0151A38D2773066C003ABF4F /* Supporting Files */,
				0151A39827734B83003ABF4F /* Model */,
				0151A39927734C13003ABF4F /* Network */,
				0151A39A27734C1A003ABF4F /* ViewController */,
				0151A38727730650003ABF4F /* Info.plist */,
			);
			path = 17_Movies;
			sourceTree = "<group>";
		};
		0151A38D2773066C003ABF4F /* Supporting Files */ = {
			isa = PBXGroup;
			children = (
				0151A3792773064E003ABF4F /* AppDelegate.swift */,
				0151A37B2773064E003ABF4F /* SceneDelegate.swift */,
				0151A38227730650003ABF4F /* Assets.xcassets */,
				0151A38427730650003ABF4F /* LaunchScreen.storyboard */,
			);
			path = "Supporting Files";
			sourceTree = "<group>";
		};
		0151A39827734B83003ABF4F /* Model */ = {
			isa = PBXGroup;
			children = (
				0151A39227730D80003ABF4F /* Movies.swift */,
				0151A39027730D3E003ABF4F /* Results.swift */,
			);
			path = Model;
			sourceTree = "<group>";
		};
		0151A39927734C13003ABF4F /* Network */ = {
			isa = PBXGroup;
			children = (
				0151A39627731C76003ABF4F /* NetworkManager.swift */,
			);
			path = Network;
			sourceTree = "<group>";
		};
		0151A39A27734C1A003ABF4F /* ViewController */ = {
			isa = PBXGroup;
			children = (
				0151A38E2773086D003ABF4F /* MainViewController.swift */,
			);
			path = ViewController;
			sourceTree = "<group>";
		};
/* End PBXGroup section */

/* Begin PBXNativeTarget section */
		0151A3752773064E003ABF4F /* 17_Movies */ = {
			isa = PBXNativeTarget;
			buildConfigurationList = 0151A38A27730650003ABF4F /* Build configuration list for PBXNativeTarget "17_Movies" */;
			buildPhases = (
				0151A3722773064E003ABF4F /* Sources */,
				0151A3732773064E003ABF4F /* Frameworks */,
				0151A3742773064E003ABF4F /* Resources */,
			);
			buildRules = (
			);
			dependencies = (
			);
			name = 17_Movies;
			productName = 17_Movies;
			productReference = 0151A3762773064E003ABF4F /* 17_Movies.app */;
			productType = "com.apple.product-type.application";
		};
/* End PBXNativeTarget section */

/* Begin PBXProject section */
		0151A36E2773064E003ABF4F /* Project object */ = {
			isa = PBXProject;
			attributes = {
				LastSwiftUpdateCheck = 1250;
				LastUpgradeCheck = 1250;
				TargetAttributes = {
					0151A3752773064E003ABF4F = {
						CreatedOnToolsVersion = 12.5.1;
					};
				};
			};
			buildConfigurationList = 0151A3712773064E003ABF4F /* Build configuration list for PBXProject "17_Movies" */;
			compatibilityVersion = "Xcode 9.3";
			developmentRegion = en;
			hasScannedForEncodings = 0;
			knownRegions = (
				en,
				Base,
			);
			mainGroup = 0151A36D2773064E003ABF4F;
			productRefGroup = 0151A3772773064E003ABF4F /* Products */;
			projectDirPath = "";
			projectRoot = "";
			targets = (
				0151A3752773064E003ABF4F /* 17_Movies */,
			);
		};
/* End PBXProject section */

/* Begin PBXResourcesBuildPhase section */
		0151A3742773064E003ABF4F /* Resources */ = {
			isa = PBXResourcesBuildPhase;
			buildActionMask = 2147483647;
			files = (
				0151A38627730650003ABF4F /* LaunchScreen.storyboard in Resources */,
				0151A38327730650003ABF4F /* Assets.xcassets in Resources */,
			);
			runOnlyForDeploymentPostprocessing = 0;
		};
/* End PBXResourcesBuildPhase section */

/* Begin PBXSourcesBuildPhase section */
		0151A3722773064E003ABF4F /* Sources */ = {
			isa = PBXSourcesBuildPhase;
			buildActionMask = 2147483647;
			files = (
				0151A39327730D80003ABF4F /* Movies.swift in Sources */,
				0151A38F2773086D003ABF4F /* MainViewController.swift in Sources */,
				0151A37A2773064E003ABF4F /* AppDelegate.swift in Sources */,
				0151A39127730D3E003ABF4F /* Results.swift in Sources */,
				0151A37C2773064E003ABF4F /* SceneDelegate.swift in Sources */,
				0151A39727731C76003ABF4F /* NetworkManager.swift in Sources */,
			);
			runOnlyForDeploymentPostprocessing = 0;
		};
/* End PBXSourcesBuildPhase section */

/* Begin PBXVariantGroup section */
		0151A38427730650003ABF4F /* LaunchScreen.storyboard */ = {
			isa = PBXVariantGroup;
			children = (
				0151A38527730650003ABF4F /* Base */,
			);
			name = LaunchScreen.storyboard;
			sourceTree = "<group>";
		};
/* End PBXVariantGroup section */

/* Begin XCBuildConfiguration section */
		0151A38827730650003ABF4F /* Debug */ = {
			isa = XCBuildConfiguration;
			buildSettings = {
				ALWAYS_SEARCH_USER_PATHS = NO;
				CLANG_ANALYZER_NONNULL = YES;
				CLANG_ANALYZER_NUMBER_OBJECT_CONVERSION = YES_AGGRESSIVE;
				CLANG_CXX_LANGUAGE_STANDARD = "gnu++14";
				CLANG_CXX_LIBRARY = "libc++";
				CLANG_ENABLE_MODULES = YES;
				CLANG_ENABLE_OBJC_ARC = YES;
				CLANG_ENABLE_OBJC_WEAK = YES;
				CLANG_WARN_BLOCK_CAPTURE_AUTORELEASING = YES;
				CLANG_WARN_BOOL_CONVERSION = YES;
				CLANG_WARN_COMMA = YES;
				CLANG_WARN_CONSTANT_CONVERSION = YES;
				CLANG_WARN_DEPRECATED_OBJC_IMPLEMENTATIONS = YES;
				CLANG_WARN_DIRECT_OBJC_ISA_USAGE = YES_ERROR;
				CLANG_WARN_DOCUMENTATION_COMMENTS = YES;
				CLANG_WARN_EMPTY_BODY = YES;
				CLANG_WARN_ENUM_CONVERSION = YES;
				CLANG_WARN_INFINITE_RECURSION = YES;
				CLANG_WARN_INT_CONVERSION = YES;
				CLANG_WARN_NON_LITERAL_NULL_CONVERSION = YES;
				CLANG_WARN_OBJC_IMPLICIT_RETAIN_SELF = YES;
				CLANG_WARN_OBJC_LITERAL_CONVERSION = YES;
				CLANG_WARN_OBJC_ROOT_CLASS = YES_ERROR;
				CLANG_WARN_QUOTED_INCLUDE_IN_FRAMEWORK_HEADER = YES;
				CLANG_WARN_RANGE_LOOP_ANALYSIS = YES;
				CLANG_WARN_STRICT_PROTOTYPES = YES;
				CLANG_WARN_SUSPICIOUS_MOVE = YES;
				CLANG_WARN_UNGUARDED_AVAILABILITY = YES_AGGRESSIVE;
				CLANG_WARN_UNREACHABLE_CODE = YES;
				CLANG_WARN__DUPLICATE_METHOD_MATCH = YES;
				COPY_PHASE_STRIP = NO;
				DEBUG_INFORMATION_FORMAT = dwarf;
				ENABLE_STRICT_OBJC_MSGSEND = YES;
				ENABLE_TESTABILITY = YES;
				GCC_C_LANGUAGE_STANDARD = gnu11;
				GCC_DYNAMIC_NO_PIC = NO;
				GCC_NO_COMMON_BLOCKS = YES;
				GCC_OPTIMIZATION_LEVEL = 0;
				GCC_PREPROCESSOR_DEFINITIONS = (
					"DEBUG=1",
					"$(inherited)",
				);
				GCC_WARN_64_TO_32_BIT_CONVERSION = YES;
				GCC_WARN_ABOUT_RETURN_TYPE = YES_ERROR;
				GCC_WARN_UNDECLARED_SELECTOR = YES;
				GCC_WARN_UNINITIALIZED_AUTOS = YES_AGGRESSIVE;
				GCC_WARN_UNUSED_FUNCTION = YES;
				GCC_WARN_UNUSED_VARIABLE = YES;
				IPHONEOS_DEPLOYMENT_TARGET = 14.5;
				MTL_ENABLE_DEBUG_INFO = INCLUDE_SOURCE;
				MTL_FAST_MATH = YES;
				ONLY_ACTIVE_ARCH = YES;
				SDKROOT = iphoneos;
				SWIFT_ACTIVE_COMPILATION_CONDITIONS = DEBUG;
				SWIFT_OPTIMIZATION_LEVEL = "-Onone";
			};
			name = Debug;
		};
		0151A38927730650003ABF4F /* Release */ = {
			isa = XCBuildConfiguration;
			buildSettings = {
				ALWAYS_SEARCH_USER_PATHS = NO;
				CLANG_ANALYZER_NONNULL = YES;
				CLANG_ANALYZER_NUMBER_OBJECT_CONVERSION = YES_AGGRESSIVE;
				CLANG_CXX_LANGUAGE_STANDARD = "gnu++14";
				CLANG_CXX_LIBRARY = "libc++";
				CLANG_ENABLE_MODULES = YES;
				CLANG_ENABLE_OBJC_ARC = YES;
				CLANG_ENABLE_OBJC_WEAK = YES;
				CLANG_WARN_BLOCK_CAPTURE_AUTORELEASING = YES;
				CLANG_WARN_BOOL_CONVERSION = YES;
				CLANG_WARN_COMMA = YES;
				CLANG_WARN_CONSTANT_CONVERSION = YES;
				CLANG_WARN_DEPRECATED_OBJC_IMPLEMENTATIONS = YES;
				CLANG_WARN_DIRECT_OBJC_ISA_USAGE = YES_ERROR;
				CLANG_WARN_DOCUMENTATION_COMMENTS = YES;
				CLANG_WARN_EMPTY_BODY = YES;
				CLANG_WARN_ENUM_CONVERSION = YES;
				CLANG_WARN_INFINITE_RECURSION = YES;
				CLANG_WARN_INT_CONVERSION = YES;
				CLANG_WARN_NON_LITERAL_NULL_CONVERSION = YES;
				CLANG_WARN_OBJC_IMPLICIT_RETAIN_SELF = YES;
				CLANG_WARN_OBJC_LITERAL_CONVERSION = YES;
				CLANG_WARN_OBJC_ROOT_CLASS = YES_ERROR;
				CLANG_WARN_QUOTED_INCLUDE_IN_FRAMEWORK_HEADER = YES;
				CLANG_WARN_RANGE_LOOP_ANALYSIS = YES;
				CLANG_WARN_STRICT_PROTOTYPES = YES;
				CLANG_WARN_SUSPICIOUS_MOVE = YES;
				CLANG_WARN_UNGUARDED_AVAILABILITY = YES_AGGRESSIVE;
				CLANG_WARN_UNREACHABLE_CODE = YES;
				CLANG_WARN__DUPLICATE_METHOD_MATCH = YES;
				COPY_PHASE_STRIP = NO;
				DEBUG_INFORMATION_FORMAT = "dwarf-with-dsym";
				ENABLE_NS_ASSERTIONS = NO;
				ENABLE_STRICT_OBJC_MSGSEND = YES;
				GCC_C_LANGUAGE_STANDARD = gnu11;
				GCC_NO_COMMON_BLOCKS = YES;
				GCC_WARN_64_TO_32_BIT_CONVERSION = YES;
				GCC_WARN_ABOUT_RETURN_TYPE = YES_ERROR;
				GCC_WARN_UNDECLARED_SELECTOR = YES;
				GCC_WARN_UNINITIALIZED_AUTOS = YES_AGGRESSIVE;
				GCC_WARN_UNUSED_FUNCTION = YES;
				GCC_WARN_UNUSED_VARIABLE = YES;
				IPHONEOS_DEPLOYMENT_TARGET = 14.5;
				MTL_ENABLE_DEBUG_INFO = NO;
				MTL_FAST_MATH = YES;
				SDKROOT = iphoneos;
				SWIFT_COMPILATION_MODE = wholemodule;
				SWIFT_OPTIMIZATION_LEVEL = "-O";
				VALIDATE_PRODUCT = YES;
			};
			name = Release;
		};
		0151A38B27730650003ABF4F /* Debug */ = {
			isa = XCBuildConfiguration;
			buildSettings = {
				ASSETCATALOG_COMPILER_APPICON_NAME = AppIcon;
				ASSETCATALOG_COMPILER_GLOBAL_ACCENT_COLOR_NAME = AccentColor;
				CODE_SIGN_STYLE = Automatic;
				DEVELOPMENT_TEAM = WB3J5J4ZWS;
				INFOPLIST_FILE = 17_Movies/Info.plist;
				LD_RUNPATH_SEARCH_PATHS = (
					"$(inherited)",
					"@executable_path/Frameworks",
				);
				PRODUCT_BUNDLE_IDENTIFIER = "com.rae.-7-Movies";
				PRODUCT_NAME = "$(TARGET_NAME)";
				SWIFT_VERSION = 5.0;
				TARGETED_DEVICE_FAMILY = 1;
			};
			name = Debug;
		};
		0151A38C27730650003ABF4F /* Release */ = {
			isa = XCBuildConfiguration;
			buildSettings = {
				ASSETCATALOG_COMPILER_APPICON_NAME = AppIcon;
				ASSETCATALOG_COMPILER_GLOBAL_ACCENT_COLOR_NAME = AccentColor;
				CODE_SIGN_STYLE = Automatic;
				DEVELOPMENT_TEAM = WB3J5J4ZWS;
				INFOPLIST_FILE = 17_Movies/Info.plist;
				LD_RUNPATH_SEARCH_PATHS = (
					"$(inherited)",
					"@executable_path/Frameworks",
				);
				PRODUCT_BUNDLE_IDENTIFIER = "com.rae.-7-Movies";
				PRODUCT_NAME = "$(TARGET_NAME)";
				SWIFT_VERSION = 5.0;
				TARGETED_DEVICE_FAMILY = 1;
			};
			name = Release;
		};
/* End XCBuildConfiguration section */

/* Begin XCConfigurationList section */
		0151A3712773064E003ABF4F /* Build configuration list for PBXProject "17_Movies" */ = {
			isa = XCConfigurationList;
			buildConfigurations = (
				0151A38827730650003ABF4F /* Debug */,
				0151A38927730650003ABF4F /* Release */,
			);
			defaultConfigurationIsVisible = 0;
			defaultConfigurationName = Release;
		};
		0151A38A27730650003ABF4F /* Build configuration list for PBXNativeTarget "17_Movies" */ = {
			isa = XCConfigurationList;
			buildConfigurations = (
				0151A38B27730650003ABF4F /* Debug */,
				0151A38C27730650003ABF4F /* Release */,
			);
			defaultConfigurationIsVisible = 0;
			defaultConfigurationName = Release;
		};
/* End XCConfigurationList section */
	};
	rootObject = 0151A36E2773064E003ABF4F /* Project object */;
}
